// !$*UTF8*$!
{
	archiveVersion = 1;
	classes = {
	};
	objectVersion = 56;
	objects = {

/* Begin PBXBuildFile section */
		264E3AE12C8CC384001FC585 /* BrandViewModel.swift in Sources */ = {isa = PBXBuildFile; fileRef = 264E3AE02C8CC384001FC585 /* BrandViewModel.swift */; };
		264E3AE52C8D3815001FC585 /* BrandViewController.swift in Sources */ = {isa = PBXBuildFile; fileRef = 264E3AE42C8D3815001FC585 /* BrandViewController.swift */; };
		26616F412C8DD224008BCD9D /* BrandsCollectionViewCell.swift in Sources */ = {isa = PBXBuildFile; fileRef = 26616F402C8DD224008BCD9D /* BrandsCollectionViewCell.swift */; };
		268C653B2C92265000EF2F88 /* OnBoardingStoryboard.storyboard in Resources */ = {isa = PBXBuildFile; fileRef = 268C653A2C92265000EF2F88 /* OnBoardingStoryboard.storyboard */; };
		268C653D2C92265F00EF2F88 /* OnBoardingViewController.swift in Sources */ = {isa = PBXBuildFile; fileRef = 268C653C2C92265F00EF2F88 /* OnBoardingViewController.swift */; };
		268C65412C93630100EF2F88 /* Order.swift in Sources */ = {isa = PBXBuildFile; fileRef = 268C65402C93630100EF2F88 /* Order.swift */; };
		268C65442C936E4400EF2F88 /* OrderTableViewCell.swift in Sources */ = {isa = PBXBuildFile; fileRef = 268C65422C936E4400EF2F88 /* OrderTableViewCell.swift */; };
		268C65452C936E4400EF2F88 /* OrderTableViewCell.xib in Resources */ = {isa = PBXBuildFile; fileRef = 268C65432C936E4400EF2F88 /* OrderTableViewCell.xib */; };
		26B335DD2C8A643700968401 /* CategoriesViewModel.swift in Sources */ = {isa = PBXBuildFile; fileRef = 26B335DC2C8A643700968401 /* CategoriesViewModel.swift */; };
		26B335DF2C8A645B00968401 /* CategoriesViewController.swift in Sources */ = {isa = PBXBuildFile; fileRef = 26B335DE2C8A645B00968401 /* CategoriesViewController.swift */; };
		26BBA7D22C93757200554DEA /* OrdersViewModel.swift in Sources */ = {isa = PBXBuildFile; fileRef = 26BBA7D12C93757200554DEA /* OrdersViewModel.swift */; };
		26BBA7D52C937A8000554DEA /* OrdersViewController.swift in Sources */ = {isa = PBXBuildFile; fileRef = 26BBA7D42C937A8000554DEA /* OrdersViewController.swift */; };
		26BBA7D72C93C1C000554DEA /* AboutUsViewController.swift in Sources */ = {isa = PBXBuildFile; fileRef = 26BBA7D62C93C1C000554DEA /* AboutUsViewController.swift */; };
		26BBA7D92C94D90500554DEA /* FavoritesViewController.swift in Sources */ = {isa = PBXBuildFile; fileRef = 26BBA7D82C94D90500554DEA /* FavoritesViewController.swift */; };
		26BBA7DB2C94D91400554DEA /* FavoritesStoryboard.storyboard in Resources */ = {isa = PBXBuildFile; fileRef = 26BBA7DA2C94D91400554DEA /* FavoritesStoryboard.storyboard */; };
		26BBA7E02C94DD7100554DEA /* AddressesViewModel.swift in Sources */ = {isa = PBXBuildFile; fileRef = 26BBA7DF2C94DD7100554DEA /* AddressesViewModel.swift */; };
		26BBA7E22C94DD8A00554DEA /* AddressesViewController.swift in Sources */ = {isa = PBXBuildFile; fileRef = 26BBA7E12C94DD8A00554DEA /* AddressesViewController.swift */; };
		26BBA7E42C94DD9900554DEA /* AddressesStoryboard.storyboard in Resources */ = {isa = PBXBuildFile; fileRef = 26BBA7E32C94DD9900554DEA /* AddressesStoryboard.storyboard */; };
		26DB3D1C2C8A07E600E4E697 /* Brands.swift in Sources */ = {isa = PBXBuildFile; fileRef = 26DB3D1B2C8A07E600E4E697 /* Brands.swift */; };
		26DB3D1E2C8A080B00E4E697 /* Product.swift in Sources */ = {isa = PBXBuildFile; fileRef = 26DB3D1D2C8A080B00E4E697 /* Product.swift */; };
		26DB3D232C8A16F900E4E697 /* HomeStoryboard.storyboard in Resources */ = {isa = PBXBuildFile; fileRef = 26DB3D222C8A16F900E4E697 /* HomeStoryboard.storyboard */; };
		26DB3D252C8A171C00E4E697 /* HomeViewModel.swift in Sources */ = {isa = PBXBuildFile; fileRef = 26DB3D242C8A171B00E4E697 /* HomeViewModel.swift */; };
		26DB3D282C8A241300E4E697 /* HomeViewController.swift in Sources */ = {isa = PBXBuildFile; fileRef = 26DB3D272C8A241300E4E697 /* HomeViewController.swift */; };
		26E420562C94FA40006968D7 /* AddAddressViewController.swift in Sources */ = {isa = PBXBuildFile; fileRef = 26E420552C94FA40006968D7 /* AddAddressViewController.swift */; };
		26E420582C94FDED006968D7 /* AddressesTableViewCell.swift in Sources */ = {isa = PBXBuildFile; fileRef = 26E420572C94FDED006968D7 /* AddressesTableViewCell.swift */; };
		26E4205F2C976AEC006968D7 /* MockNetwork.swift in Sources */ = {isa = PBXBuildFile; fileRef = 26E4205E2C976AEC006968D7 /* MockNetwork.swift */; };
		26E420672C976FD6006968D7 /* MockNetworkManager.swift in Sources */ = {isa = PBXBuildFile; fileRef = 26E420662C976FD6006968D7 /* MockNetworkManager.swift */; };
		26E420692C977034006968D7 /* NetworkManagerTests.swift in Sources */ = {isa = PBXBuildFile; fileRef = 26E420682C977034006968D7 /* NetworkManagerTests.swift */; };
		26E4206C2C97926A006968D7 /* UIAlertExtension.swift in Sources */ = {isa = PBXBuildFile; fileRef = 26E4206B2C97926A006968D7 /* UIAlertExtension.swift */; };
		26FBE3232C8CBE5000263DE3 /* ProductCell.swift in Sources */ = {isa = PBXBuildFile; fileRef = 26FBE3212C8CBE5000263DE3 /* ProductCell.swift */; };
		26FBE3242C8CBE5000263DE3 /* ProductCell.xib in Resources */ = {isa = PBXBuildFile; fileRef = 26FBE3222C8CBE5000263DE3 /* ProductCell.xib */; };
		7B1CE7A04CFA4FE135929E92 /* Pods_El_DUKKANAUITests.framework in Frameworks */ = {isa = PBXBuildFile; fileRef = E18383E0D398AECC12DED520 /* Pods_El_DUKKANAUITests.framework */; };
		8107C9832C8D573E00D1C938 /* ViewsSet.swift in Sources */ = {isa = PBXBuildFile; fileRef = 8107C9822C8D573E00D1C938 /* ViewsSet.swift */; };
		8135A46F2C9223A200D25B4C /* CustomerViewModel.swift in Sources */ = {isa = PBXBuildFile; fileRef = 8135A46E2C9223A200D25B4C /* CustomerViewModel.swift */; };
		813740642C8B775D001ECAF4 /* ProductDetailsViewModel.swift in Sources */ = {isa = PBXBuildFile; fileRef = 813740632C8B775D001ECAF4 /* ProductDetailsViewModel.swift */; };
		813740662C8B776D001ECAF4 /* ProductDetailsStoryboard.storyboard in Resources */ = {isa = PBXBuildFile; fileRef = 813740652C8B776D001ECAF4 /* ProductDetailsStoryboard.storyboard */; };
		813740682C8B7781001ECAF4 /* ProductDetailsVC.swift in Sources */ = {isa = PBXBuildFile; fileRef = 813740672C8B7781001ECAF4 /* ProductDetailsVC.swift */; };
		8137406C2C8B9733001ECAF4 /* ReviewsViewModel.swift in Sources */ = {isa = PBXBuildFile; fileRef = 8137406B2C8B9733001ECAF4 /* ReviewsViewModel.swift */; };
		8137406E2C8B9ADE001ECAF4 /* Reviews.swift in Sources */ = {isa = PBXBuildFile; fileRef = 8137406D2C8B9ADE001ECAF4 /* Reviews.swift */; };
		813740702C8BAA18001ECAF4 /* ReviewsViewController.swift in Sources */ = {isa = PBXBuildFile; fileRef = 8137406F2C8BAA18001ECAF4 /* ReviewsViewController.swift */; };
		813740722C8BAAED001ECAF4 /* ReviewCell.swift in Sources */ = {isa = PBXBuildFile; fileRef = 813740712C8BAAED001ECAF4 /* ReviewCell.swift */; };
		813740742C8BAB03001ECAF4 /* ProductImagesCell.swift in Sources */ = {isa = PBXBuildFile; fileRef = 813740732C8BAB03001ECAF4 /* ProductImagesCell.swift */; };
		813740762C8BDA20001ECAF4 /* AddReviewVC.swift in Sources */ = {isa = PBXBuildFile; fileRef = 813740752C8BDA20001ECAF4 /* AddReviewVC.swift */; };
		813740792C8BDEF9001ECAF4 /* Delegation.swift in Sources */ = {isa = PBXBuildFile; fileRef = 813740782C8BDEF9001ECAF4 /* Delegation.swift */; };
		8137407C2C8BE820001ECAF4 /* CoreDataForReviews.swift in Sources */ = {isa = PBXBuildFile; fileRef = 8137407B2C8BE820001ECAF4 /* CoreDataForReviews.swift */; };
		8137407F2C8BEA17001ECAF4 /* El_DUKKANA.xcdatamodeld in Sources */ = {isa = PBXBuildFile; fileRef = 8137407D2C8BEA17001ECAF4 /* El_DUKKANA.xcdatamodeld */; };
		8160D39A2C93448E0026CE11 /* GoogleService-Info.plist in Resources */ = {isa = PBXBuildFile; fileRef = 8160D3992C93448D0026CE11 /* GoogleService-Info.plist */; };
		8160D39C2C9392D10026CE11 /* CurrentCustomer.swift in Sources */ = {isa = PBXBuildFile; fileRef = 8160D39B2C9392D00026CE11 /* CurrentCustomer.swift */; };
		8168E3812C91046B000DBEDA /* SearchViewModel.swift in Sources */ = {isa = PBXBuildFile; fileRef = 8168E3802C91046B000DBEDA /* SearchViewModel.swift */; };
		8169B2222C951E54002D138A /* FavBtnAnimation.swift in Sources */ = {isa = PBXBuildFile; fileRef = 8169B2212C951E54002D138A /* FavBtnAnimation.swift */; };
		81A7B3B02C96506B003B8BB6 /* AddressDelegateProtocol.swift in Sources */ = {isa = PBXBuildFile; fileRef = 81A7B3AF2C96506B003B8BB6 /* AddressDelegateProtocol.swift */; };
		81B0349A2C8D1DDB00D4A4C5 /* ImagesCell.swift in Sources */ = {isa = PBXBuildFile; fileRef = 81B034992C8D1DDB00D4A4C5 /* ImagesCell.swift */; };
		81B0349C2C8D209100D4A4C5 /* DrowCollectioView.swift in Sources */ = {isa = PBXBuildFile; fileRef = 81B0349B2C8D209100D4A4C5 /* DrowCollectioView.swift */; };
		81B0349F2C8D219F00D4A4C5 /* PageController.swift in Sources */ = {isa = PBXBuildFile; fileRef = 81B0349E2C8D219F00D4A4C5 /* PageController.swift */; };
		81D72A982C8912880087371F /* AuthenticationStoryboard.storyboard in Resources */ = {isa = PBXBuildFile; fileRef = 81D72A972C8912880087371F /* AuthenticationStoryboard.storyboard */; };
		81D72A9A2C8912B60087371F /* SignUpVC.swift in Sources */ = {isa = PBXBuildFile; fileRef = 81D72A992C8912B60087371F /* SignUpVC.swift */; };
		81D72A9C2C8912C50087371F /* SignInVC.swift in Sources */ = {isa = PBXBuildFile; fileRef = 81D72A9B2C8912C50087371F /* SignInVC.swift */; };
		81F3708A2C88F6F3007FBC45 /* URLManager.swift in Sources */ = {isa = PBXBuildFile; fileRef = 81F370892C88F6F3007FBC45 /* URLManager.swift */; };
		81F3708C2C88F6FE007FBC45 /* URLManagerProtocol.swift in Sources */ = {isa = PBXBuildFile; fileRef = 81F3708B2C88F6FE007FBC45 /* URLManagerProtocol.swift */; };
		E7D8FD55D577A08DB0FAEA38 /* Pods_El_DUKKANATests.framework in Frameworks */ = {isa = PBXBuildFile; fileRef = 9B37A75675DCBD8C03A7D814 /* Pods_El_DUKKANATests.framework */; };
		E91C6B3EC5324CDD4CD2CFAD /* Pods_El_DUKKANA.framework in Frameworks */ = {isa = PBXBuildFile; fileRef = E86494022EDA9DF3F2C743BE /* Pods_El_DUKKANA.framework */; };
		F80490562C8B0AEC00CE43ED /* AdsCollectionViewCell.swift in Sources */ = {isa = PBXBuildFile; fileRef = F80490542C8B0AEC00CE43ED /* AdsCollectionViewCell.swift */; };
		F80490572C8B0AEC00CE43ED /* AdsCollectionViewCell.xib in Resources */ = {isa = PBXBuildFile; fileRef = F80490552C8B0AEC00CE43ED /* AdsCollectionViewCell.xib */; };
		F804905C2C8B162300CE43ED /* CartStoryboard.storyboard in Resources */ = {isa = PBXBuildFile; fileRef = F804905B2C8B162300CE43ED /* CartStoryboard.storyboard */; };
		F804905F2C8B1AE500CE43ED /* CartItemTableViewCell.swift in Sources */ = {isa = PBXBuildFile; fileRef = F804905D2C8B1AE500CE43ED /* CartItemTableViewCell.swift */; };
		F80490602C8B1AE500CE43ED /* CartItemTableViewCell.xib in Resources */ = {isa = PBXBuildFile; fileRef = F804905E2C8B1AE500CE43ED /* CartItemTableViewCell.xib */; };
		F80490642C8BB59300CE43ED /* URLMangerTest.swift in Sources */ = {isa = PBXBuildFile; fileRef = F80490632C8BB59300CE43ED /* URLMangerTest.swift */; };
		F8528D9E2C90809C0068858C /* SettingsVM.swift in Sources */ = {isa = PBXBuildFile; fileRef = F8528D9D2C90809C0068858C /* SettingsVM.swift */; };
		F8528DA02C9080CA0068858C /* SettingsStoryboard.storyboard in Resources */ = {isa = PBXBuildFile; fileRef = F8528D9F2C9080CA0068858C /* SettingsStoryboard.storyboard */; };
		F8528DA22C9081970068858C /* SettingsViewController.swift in Sources */ = {isa = PBXBuildFile; fileRef = F8528DA12C9081970068858C /* SettingsViewController.swift */; };
		F8528DA42C90A5510068858C /* CartViewController.swift in Sources */ = {isa = PBXBuildFile; fileRef = F8528DA32C90A5510068858C /* CartViewController.swift */; };
		F8528DA62C90B2C10068858C /* PriceRules.swift in Sources */ = {isa = PBXBuildFile; fileRef = F8528DA52C90B2C10068858C /* PriceRules.swift */; };
		F8528DA82C910BF00068858C /* CartViewModel.swift in Sources */ = {isa = PBXBuildFile; fileRef = F8528DA72C910BF00068858C /* CartViewModel.swift */; };
		F8528DAA2C9119660068858C /* DraftOrder.swift in Sources */ = {isa = PBXBuildFile; fileRef = F8528DA92C9119660068858C /* DraftOrder.swift */; };
		F8528DB02C913ABF0068858C /* ProfileStoryboard.storyboard in Resources */ = {isa = PBXBuildFile; fileRef = F8528DAF2C913ABF0068858C /* ProfileStoryboard.storyboard */; };
		F8528DB22C913AD80068858C /* ProfileViewController.swift in Sources */ = {isa = PBXBuildFile; fileRef = F8528DB12C913AD80068858C /* ProfileViewController.swift */; };
		F8528DB42C913AED0068858C /* ProfileViewModel.swift in Sources */ = {isa = PBXBuildFile; fileRef = F8528DB32C913AED0068858C /* ProfileViewModel.swift */; };
		F8D3C1D52C88E06900C9B255 /* AppDelegate.swift in Sources */ = {isa = PBXBuildFile; fileRef = F8D3C1D42C88E06900C9B255 /* AppDelegate.swift */; };
		F8D3C1D72C88E06900C9B255 /* SceneDelegate.swift in Sources */ = {isa = PBXBuildFile; fileRef = F8D3C1D62C88E06900C9B255 /* SceneDelegate.swift */; };
		F8D3C1DE2C88E06B00C9B255 /* Assets.xcassets in Resources */ = {isa = PBXBuildFile; fileRef = F8D3C1DD2C88E06B00C9B255 /* Assets.xcassets */; };
		F8D3C1E12C88E06B00C9B255 /* LaunchScreen.storyboard in Resources */ = {isa = PBXBuildFile; fileRef = F8D3C1DF2C88E06B00C9B255 /* LaunchScreen.storyboard */; };
		F8D3C1EC2C88E06B00C9B255 /* El_DUKKANATests.swift in Sources */ = {isa = PBXBuildFile; fileRef = F8D3C1EB2C88E06B00C9B255 /* El_DUKKANATests.swift */; };
		F8D3C1F62C88E06C00C9B255 /* El_DUKKANAUITests.swift in Sources */ = {isa = PBXBuildFile; fileRef = F8D3C1F52C88E06C00C9B255 /* El_DUKKANAUITests.swift */; };
		F8D3C1F82C88E06C00C9B255 /* El_DUKKANAUITestsLaunchTests.swift in Sources */ = {isa = PBXBuildFile; fileRef = F8D3C1F72C88E06C00C9B255 /* El_DUKKANAUITestsLaunchTests.swift */; };
		F8D3C2082C88E10C00C9B255 /* StartOptionsStoryboard.storyboard in Resources */ = {isa = PBXBuildFile; fileRef = F8D3C2072C88E10C00C9B255 /* StartOptionsStoryboard.storyboard */; };
		F8D3C20A2C88E14A00C9B255 /* StartOptionsVC.swift in Sources */ = {isa = PBXBuildFile; fileRef = F8D3C2092C88E14A00C9B255 /* StartOptionsVC.swift */; };
		F8D3C2122C88E26900C9B255 /* FirebaseAnalytics in Frameworks */ = {isa = PBXBuildFile; productRef = F8D3C2112C88E26900C9B255 /* FirebaseAnalytics */; };
		F8D3C2142C88E26900C9B255 /* FirebaseAuth in Frameworks */ = {isa = PBXBuildFile; productRef = F8D3C2132C88E26900C9B255 /* FirebaseAuth */; };
		F8E451642C91D539003093B6 /* FavoritesViewModel.swift in Sources */ = {isa = PBXBuildFile; fileRef = F8E451632C91D539003093B6 /* FavoritesViewModel.swift */; };
		F8E451692C9256AB003093B6 /* CheckoutPaymentStoryboard.storyboard in Resources */ = {isa = PBXBuildFile; fileRef = F8E451682C9256AB003093B6 /* CheckoutPaymentStoryboard.storyboard */; };
		F8E4516B2C92741E003093B6 /* CheckoutViewController.swift in Sources */ = {isa = PBXBuildFile; fileRef = F8E4516A2C92741E003093B6 /* CheckoutViewController.swift */; };
		F8E4516F2C934AC2003093B6 /* PaymentViewModel.swift in Sources */ = {isa = PBXBuildFile; fileRef = F8E4516E2C934AC2003093B6 /* PaymentViewModel.swift */; };
		F8E451712C934AE4003093B6 /* CheckoutViewModel.swift in Sources */ = {isa = PBXBuildFile; fileRef = F8E451702C934AE4003093B6 /* CheckoutViewModel.swift */; };
		F8EC6B7F2C8CE84A00A8D7AF /* Currency.swift in Sources */ = {isa = PBXBuildFile; fileRef = F8EC6B7E2C8CE84A00A8D7AF /* Currency.swift */; };
		F8EC6B842C8CEE2D00A8D7AF /* AboutUS.storyboard in Resources */ = {isa = PBXBuildFile; fileRef = F8EC6B832C8CEE2D00A8D7AF /* AboutUS.storyboard */; };
		F8F9BBDC2C891DF3005AE496 /* Network.swift in Sources */ = {isa = PBXBuildFile; fileRef = F8F9BBDB2C891DF3005AE496 /* Network.swift */; };
		F8F9BBDE2C891E21005AE496 /* NetworkProtocol.swift in Sources */ = {isa = PBXBuildFile; fileRef = F8F9BBDD2C891E21005AE496 /* NetworkProtocol.swift */; };
		F8F9BBE02C891E5A005AE496 /* Customer.swift in Sources */ = {isa = PBXBuildFile; fileRef = F8F9BBDF2C891E5A005AE496 /* Customer.swift */; };
/* End PBXBuildFile section */

/* Begin PBXContainerItemProxy section */
		F8D3C1E82C88E06B00C9B255 /* PBXContainerItemProxy */ = {
			isa = PBXContainerItemProxy;
			containerPortal = F8D3C1C92C88E06900C9B255 /* Project object */;
			proxyType = 1;
			remoteGlobalIDString = F8D3C1D02C88E06900C9B255;
			remoteInfo = El_DUKKANA;
		};
		F8D3C1F22C88E06B00C9B255 /* PBXContainerItemProxy */ = {
			isa = PBXContainerItemProxy;
			containerPortal = F8D3C1C92C88E06900C9B255 /* Project object */;
			proxyType = 1;
			remoteGlobalIDString = F8D3C1D02C88E06900C9B255;
			remoteInfo = El_DUKKANA;
		};
/* End PBXContainerItemProxy section */

/* Begin PBXFileReference section */
		0F698E9BF5FE8BF6209C59DE /* Pods-El_DUKKANAUITests.release.xcconfig */ = {isa = PBXFileReference; includeInIndex = 1; lastKnownFileType = text.xcconfig; name = "Pods-El_DUKKANAUITests.release.xcconfig"; path = "Target Support Files/Pods-El_DUKKANAUITests/Pods-El_DUKKANAUITests.release.xcconfig"; sourceTree = "<group>"; };
		1CE434CB525C6BFD9C71344E /* Pods-El_DUKKANA.debug.xcconfig */ = {isa = PBXFileReference; includeInIndex = 1; lastKnownFileType = text.xcconfig; name = "Pods-El_DUKKANA.debug.xcconfig"; path = "Target Support Files/Pods-El_DUKKANA/Pods-El_DUKKANA.debug.xcconfig"; sourceTree = "<group>"; };
		264E3AE02C8CC384001FC585 /* BrandViewModel.swift */ = {isa = PBXFileReference; lastKnownFileType = sourcecode.swift; path = BrandViewModel.swift; sourceTree = "<group>"; };
		264E3AE42C8D3815001FC585 /* BrandViewController.swift */ = {isa = PBXFileReference; lastKnownFileType = sourcecode.swift; path = BrandViewController.swift; sourceTree = "<group>"; };
		26616F402C8DD224008BCD9D /* BrandsCollectionViewCell.swift */ = {isa = PBXFileReference; lastKnownFileType = sourcecode.swift; path = BrandsCollectionViewCell.swift; sourceTree = "<group>"; };
		268C653A2C92265000EF2F88 /* OnBoardingStoryboard.storyboard */ = {isa = PBXFileReference; fileEncoding = 4; lastKnownFileType = file.storyboard; path = OnBoardingStoryboard.storyboard; sourceTree = "<group>"; };
		268C653C2C92265F00EF2F88 /* OnBoardingViewController.swift */ = {isa = PBXFileReference; fileEncoding = 4; lastKnownFileType = sourcecode.swift; path = OnBoardingViewController.swift; sourceTree = "<group>"; };
		268C65402C93630100EF2F88 /* Order.swift */ = {isa = PBXFileReference; lastKnownFileType = sourcecode.swift; path = Order.swift; sourceTree = "<group>"; };
		268C65422C936E4400EF2F88 /* OrderTableViewCell.swift */ = {isa = PBXFileReference; lastKnownFileType = sourcecode.swift; path = OrderTableViewCell.swift; sourceTree = "<group>"; };
		268C65432C936E4400EF2F88 /* OrderTableViewCell.xib */ = {isa = PBXFileReference; lastKnownFileType = file.xib; path = OrderTableViewCell.xib; sourceTree = "<group>"; };
		26B335DC2C8A643700968401 /* CategoriesViewModel.swift */ = {isa = PBXFileReference; lastKnownFileType = sourcecode.swift; path = CategoriesViewModel.swift; sourceTree = "<group>"; };
		26B335DE2C8A645B00968401 /* CategoriesViewController.swift */ = {isa = PBXFileReference; lastKnownFileType = sourcecode.swift; path = CategoriesViewController.swift; sourceTree = "<group>"; };
		26BBA7D12C93757200554DEA /* OrdersViewModel.swift */ = {isa = PBXFileReference; lastKnownFileType = sourcecode.swift; path = OrdersViewModel.swift; sourceTree = "<group>"; };
		26BBA7D42C937A8000554DEA /* OrdersViewController.swift */ = {isa = PBXFileReference; lastKnownFileType = sourcecode.swift; path = OrdersViewController.swift; sourceTree = "<group>"; };
		26BBA7D62C93C1C000554DEA /* AboutUsViewController.swift */ = {isa = PBXFileReference; lastKnownFileType = sourcecode.swift; path = AboutUsViewController.swift; sourceTree = "<group>"; };
		26BBA7D82C94D90500554DEA /* FavoritesViewController.swift */ = {isa = PBXFileReference; lastKnownFileType = sourcecode.swift; name = FavoritesViewController.swift; path = "El_DUKKANA/Modules/About Us/View/FavoritesViewController.swift"; sourceTree = SOURCE_ROOT; };
		26BBA7DA2C94D91400554DEA /* FavoritesStoryboard.storyboard */ = {isa = PBXFileReference; lastKnownFileType = file.storyboard; name = FavoritesStoryboard.storyboard; path = "El_DUKKANA/Modules/About Us/View/FavoritesStoryboard.storyboard"; sourceTree = SOURCE_ROOT; };
		26BBA7DF2C94DD7100554DEA /* AddressesViewModel.swift */ = {isa = PBXFileReference; lastKnownFileType = sourcecode.swift; path = AddressesViewModel.swift; sourceTree = "<group>"; };
		26BBA7E12C94DD8A00554DEA /* AddressesViewController.swift */ = {isa = PBXFileReference; lastKnownFileType = sourcecode.swift; path = AddressesViewController.swift; sourceTree = "<group>"; };
		26BBA7E32C94DD9900554DEA /* AddressesStoryboard.storyboard */ = {isa = PBXFileReference; lastKnownFileType = file.storyboard; path = AddressesStoryboard.storyboard; sourceTree = "<group>"; };
		26DB3D1B2C8A07E600E4E697 /* Brands.swift */ = {isa = PBXFileReference; lastKnownFileType = sourcecode.swift; path = Brands.swift; sourceTree = "<group>"; };
		26DB3D1D2C8A080B00E4E697 /* Product.swift */ = {isa = PBXFileReference; lastKnownFileType = sourcecode.swift; path = Product.swift; sourceTree = "<group>"; };
		26DB3D222C8A16F900E4E697 /* HomeStoryboard.storyboard */ = {isa = PBXFileReference; lastKnownFileType = file.storyboard; path = HomeStoryboard.storyboard; sourceTree = "<group>"; };
		26DB3D242C8A171B00E4E697 /* HomeViewModel.swift */ = {isa = PBXFileReference; lastKnownFileType = sourcecode.swift; path = HomeViewModel.swift; sourceTree = "<group>"; };
		26DB3D272C8A241300E4E697 /* HomeViewController.swift */ = {isa = PBXFileReference; lastKnownFileType = sourcecode.swift; path = HomeViewController.swift; sourceTree = "<group>"; };
		26E420552C94FA40006968D7 /* AddAddressViewController.swift */ = {isa = PBXFileReference; lastKnownFileType = sourcecode.swift; path = AddAddressViewController.swift; sourceTree = "<group>"; };
		26E420572C94FDED006968D7 /* AddressesTableViewCell.swift */ = {isa = PBXFileReference; lastKnownFileType = sourcecode.swift; path = AddressesTableViewCell.swift; sourceTree = "<group>"; };
		26E4205E2C976AEC006968D7 /* MockNetwork.swift */ = {isa = PBXFileReference; lastKnownFileType = sourcecode.swift; path = MockNetwork.swift; sourceTree = "<group>"; };
		26E420662C976FD6006968D7 /* MockNetworkManager.swift */ = {isa = PBXFileReference; lastKnownFileType = sourcecode.swift; path = MockNetworkManager.swift; sourceTree = "<group>"; };
		26E420682C977034006968D7 /* NetworkManagerTests.swift */ = {isa = PBXFileReference; lastKnownFileType = sourcecode.swift; path = NetworkManagerTests.swift; sourceTree = "<group>"; };
		26E4206B2C97926A006968D7 /* UIAlertExtension.swift */ = {isa = PBXFileReference; lastKnownFileType = sourcecode.swift; path = UIAlertExtension.swift; sourceTree = "<group>"; };
		26FBE3212C8CBE5000263DE3 /* ProductCell.swift */ = {isa = PBXFileReference; lastKnownFileType = sourcecode.swift; name = ProductCell.swift; path = El_DUKKANATests/ProductCell.swift; sourceTree = SOURCE_ROOT; };
		26FBE3222C8CBE5000263DE3 /* ProductCell.xib */ = {isa = PBXFileReference; lastKnownFileType = file.xib; name = ProductCell.xib; path = El_DUKKANATests/ProductCell.xib; sourceTree = SOURCE_ROOT; };
		5CB35D5B135D8F358590AF9F /* Pods-El_DUKKANA.release.xcconfig */ = {isa = PBXFileReference; includeInIndex = 1; lastKnownFileType = text.xcconfig; name = "Pods-El_DUKKANA.release.xcconfig"; path = "Target Support Files/Pods-El_DUKKANA/Pods-El_DUKKANA.release.xcconfig"; sourceTree = "<group>"; };
		8107C9822C8D573E00D1C938 /* ViewsSet.swift */ = {isa = PBXFileReference; lastKnownFileType = sourcecode.swift; path = ViewsSet.swift; sourceTree = "<group>"; };
		8135A46E2C9223A200D25B4C /* CustomerViewModel.swift */ = {isa = PBXFileReference; lastKnownFileType = sourcecode.swift; path = CustomerViewModel.swift; sourceTree = "<group>"; };
		813740632C8B775D001ECAF4 /* ProductDetailsViewModel.swift */ = {isa = PBXFileReference; lastKnownFileType = sourcecode.swift; path = ProductDetailsViewModel.swift; sourceTree = "<group>"; };
		813740652C8B776D001ECAF4 /* ProductDetailsStoryboard.storyboard */ = {isa = PBXFileReference; lastKnownFileType = file.storyboard; path = ProductDetailsStoryboard.storyboard; sourceTree = "<group>"; };
		813740672C8B7781001ECAF4 /* ProductDetailsVC.swift */ = {isa = PBXFileReference; lastKnownFileType = sourcecode.swift; path = ProductDetailsVC.swift; sourceTree = "<group>"; };
		8137406B2C8B9733001ECAF4 /* ReviewsViewModel.swift */ = {isa = PBXFileReference; lastKnownFileType = sourcecode.swift; path = ReviewsViewModel.swift; sourceTree = "<group>"; };
		8137406D2C8B9ADE001ECAF4 /* Reviews.swift */ = {isa = PBXFileReference; lastKnownFileType = sourcecode.swift; path = Reviews.swift; sourceTree = "<group>"; };
		8137406F2C8BAA18001ECAF4 /* ReviewsViewController.swift */ = {isa = PBXFileReference; lastKnownFileType = sourcecode.swift; path = ReviewsViewController.swift; sourceTree = "<group>"; };
		813740712C8BAAED001ECAF4 /* ReviewCell.swift */ = {isa = PBXFileReference; lastKnownFileType = sourcecode.swift; path = ReviewCell.swift; sourceTree = "<group>"; };
		813740732C8BAB03001ECAF4 /* ProductImagesCell.swift */ = {isa = PBXFileReference; lastKnownFileType = sourcecode.swift; path = ProductImagesCell.swift; sourceTree = "<group>"; };
		813740752C8BDA20001ECAF4 /* AddReviewVC.swift */ = {isa = PBXFileReference; lastKnownFileType = sourcecode.swift; path = AddReviewVC.swift; sourceTree = "<group>"; };
		813740782C8BDEF9001ECAF4 /* Delegation.swift */ = {isa = PBXFileReference; lastKnownFileType = sourcecode.swift; path = Delegation.swift; sourceTree = "<group>"; };
		8137407B2C8BE820001ECAF4 /* CoreDataForReviews.swift */ = {isa = PBXFileReference; lastKnownFileType = sourcecode.swift; path = CoreDataForReviews.swift; sourceTree = "<group>"; };
		8137407E2C8BEA17001ECAF4 /* El_DUKKANA.xcdatamodel */ = {isa = PBXFileReference; lastKnownFileType = wrapper.xcdatamodel; path = El_DUKKANA.xcdatamodel; sourceTree = "<group>"; };
		8160D3992C93448D0026CE11 /* GoogleService-Info.plist */ = {isa = PBXFileReference; fileEncoding = 4; lastKnownFileType = text.plist.xml; path = "GoogleService-Info.plist"; sourceTree = "<group>"; };
		8160D39B2C9392D00026CE11 /* CurrentCustomer.swift */ = {isa = PBXFileReference; lastKnownFileType = sourcecode.swift; path = CurrentCustomer.swift; sourceTree = "<group>"; };
		8168E3802C91046B000DBEDA /* SearchViewModel.swift */ = {isa = PBXFileReference; lastKnownFileType = sourcecode.swift; path = SearchViewModel.swift; sourceTree = "<group>"; };
		8169B2212C951E54002D138A /* FavBtnAnimation.swift */ = {isa = PBXFileReference; lastKnownFileType = sourcecode.swift; path = FavBtnAnimation.swift; sourceTree = "<group>"; };
		81A7B3AF2C96506B003B8BB6 /* AddressDelegateProtocol.swift */ = {isa = PBXFileReference; lastKnownFileType = sourcecode.swift; path = AddressDelegateProtocol.swift; sourceTree = "<group>"; };
		81B034992C8D1DDB00D4A4C5 /* ImagesCell.swift */ = {isa = PBXFileReference; lastKnownFileType = sourcecode.swift; path = ImagesCell.swift; sourceTree = "<group>"; };
		81B0349B2C8D209100D4A4C5 /* DrowCollectioView.swift */ = {isa = PBXFileReference; lastKnownFileType = sourcecode.swift; path = DrowCollectioView.swift; sourceTree = "<group>"; };
		81B0349E2C8D219F00D4A4C5 /* PageController.swift */ = {isa = PBXFileReference; lastKnownFileType = sourcecode.swift; path = PageController.swift; sourceTree = "<group>"; };
		81D72A972C8912880087371F /* AuthenticationStoryboard.storyboard */ = {isa = PBXFileReference; lastKnownFileType = file.storyboard; path = AuthenticationStoryboard.storyboard; sourceTree = "<group>"; };
		81D72A992C8912B60087371F /* SignUpVC.swift */ = {isa = PBXFileReference; lastKnownFileType = sourcecode.swift; path = SignUpVC.swift; sourceTree = "<group>"; };
		81D72A9B2C8912C50087371F /* SignInVC.swift */ = {isa = PBXFileReference; lastKnownFileType = sourcecode.swift; path = SignInVC.swift; sourceTree = "<group>"; };
		81F370892C88F6F3007FBC45 /* URLManager.swift */ = {isa = PBXFileReference; lastKnownFileType = sourcecode.swift; name = URLManager.swift; path = Remote/URLManager.swift; sourceTree = SOURCE_ROOT; };
		81F3708B2C88F6FE007FBC45 /* URLManagerProtocol.swift */ = {isa = PBXFileReference; lastKnownFileType = sourcecode.swift; name = URLManagerProtocol.swift; path = Remote/URLManagerProtocol.swift; sourceTree = SOURCE_ROOT; };
		8B0AC9A2DAD8B724DBE93EB9 /* Pods-El_DUKKANAUITests.debug.xcconfig */ = {isa = PBXFileReference; includeInIndex = 1; lastKnownFileType = text.xcconfig; name = "Pods-El_DUKKANAUITests.debug.xcconfig"; path = "Target Support Files/Pods-El_DUKKANAUITests/Pods-El_DUKKANAUITests.debug.xcconfig"; sourceTree = "<group>"; };
		9B37A75675DCBD8C03A7D814 /* Pods_El_DUKKANATests.framework */ = {isa = PBXFileReference; explicitFileType = wrapper.framework; includeInIndex = 0; path = Pods_El_DUKKANATests.framework; sourceTree = BUILT_PRODUCTS_DIR; };
		C3BDCD9420B95267E514D0A0 /* Pods-El_DUKKANATests.release.xcconfig */ = {isa = PBXFileReference; includeInIndex = 1; lastKnownFileType = text.xcconfig; name = "Pods-El_DUKKANATests.release.xcconfig"; path = "Target Support Files/Pods-El_DUKKANATests/Pods-El_DUKKANATests.release.xcconfig"; sourceTree = "<group>"; };
		CC98990FE4D9CDD625A429A0 /* Pods-El_DUKKANATests.debug.xcconfig */ = {isa = PBXFileReference; includeInIndex = 1; lastKnownFileType = text.xcconfig; name = "Pods-El_DUKKANATests.debug.xcconfig"; path = "Target Support Files/Pods-El_DUKKANATests/Pods-El_DUKKANATests.debug.xcconfig"; sourceTree = "<group>"; };
		E18383E0D398AECC12DED520 /* Pods_El_DUKKANAUITests.framework */ = {isa = PBXFileReference; explicitFileType = wrapper.framework; includeInIndex = 0; path = Pods_El_DUKKANAUITests.framework; sourceTree = BUILT_PRODUCTS_DIR; };
		E86494022EDA9DF3F2C743BE /* Pods_El_DUKKANA.framework */ = {isa = PBXFileReference; explicitFileType = wrapper.framework; includeInIndex = 0; path = Pods_El_DUKKANA.framework; sourceTree = BUILT_PRODUCTS_DIR; };
		F80490542C8B0AEC00CE43ED /* AdsCollectionViewCell.swift */ = {isa = PBXFileReference; lastKnownFileType = sourcecode.swift; path = AdsCollectionViewCell.swift; sourceTree = "<group>"; };
		F80490552C8B0AEC00CE43ED /* AdsCollectionViewCell.xib */ = {isa = PBXFileReference; lastKnownFileType = file.xib; path = AdsCollectionViewCell.xib; sourceTree = "<group>"; };
		F804905B2C8B162300CE43ED /* CartStoryboard.storyboard */ = {isa = PBXFileReference; lastKnownFileType = file.storyboard; path = CartStoryboard.storyboard; sourceTree = "<group>"; };
		F804905D2C8B1AE500CE43ED /* CartItemTableViewCell.swift */ = {isa = PBXFileReference; lastKnownFileType = sourcecode.swift; path = CartItemTableViewCell.swift; sourceTree = "<group>"; };
		F804905E2C8B1AE500CE43ED /* CartItemTableViewCell.xib */ = {isa = PBXFileReference; lastKnownFileType = file.xib; path = CartItemTableViewCell.xib; sourceTree = "<group>"; };
		F80490632C8BB59300CE43ED /* URLMangerTest.swift */ = {isa = PBXFileReference; lastKnownFileType = sourcecode.swift; path = URLMangerTest.swift; sourceTree = "<group>"; };
		F8528D9D2C90809C0068858C /* SettingsVM.swift */ = {isa = PBXFileReference; lastKnownFileType = sourcecode.swift; path = SettingsVM.swift; sourceTree = "<group>"; };
		F8528D9F2C9080CA0068858C /* SettingsStoryboard.storyboard */ = {isa = PBXFileReference; lastKnownFileType = file.storyboard; path = SettingsStoryboard.storyboard; sourceTree = "<group>"; };
		F8528DA12C9081970068858C /* SettingsViewController.swift */ = {isa = PBXFileReference; lastKnownFileType = sourcecode.swift; path = SettingsViewController.swift; sourceTree = "<group>"; };
		F8528DA32C90A5510068858C /* CartViewController.swift */ = {isa = PBXFileReference; lastKnownFileType = sourcecode.swift; path = CartViewController.swift; sourceTree = "<group>"; };
		F8528DA52C90B2C10068858C /* PriceRules.swift */ = {isa = PBXFileReference; lastKnownFileType = sourcecode.swift; path = PriceRules.swift; sourceTree = "<group>"; };
		F8528DA72C910BF00068858C /* CartViewModel.swift */ = {isa = PBXFileReference; lastKnownFileType = sourcecode.swift; path = CartViewModel.swift; sourceTree = "<group>"; };
		F8528DA92C9119660068858C /* DraftOrder.swift */ = {isa = PBXFileReference; lastKnownFileType = sourcecode.swift; path = DraftOrder.swift; sourceTree = "<group>"; };
		F8528DAF2C913ABF0068858C /* ProfileStoryboard.storyboard */ = {isa = PBXFileReference; lastKnownFileType = file.storyboard; path = ProfileStoryboard.storyboard; sourceTree = "<group>"; };
		F8528DB12C913AD80068858C /* ProfileViewController.swift */ = {isa = PBXFileReference; lastKnownFileType = sourcecode.swift; path = ProfileViewController.swift; sourceTree = "<group>"; };
		F8528DB32C913AED0068858C /* ProfileViewModel.swift */ = {isa = PBXFileReference; lastKnownFileType = sourcecode.swift; path = ProfileViewModel.swift; sourceTree = "<group>"; };
		F8D3C1D12C88E06900C9B255 /* El_DUKKANA.app */ = {isa = PBXFileReference; explicitFileType = wrapper.application; includeInIndex = 0; path = El_DUKKANA.app; sourceTree = BUILT_PRODUCTS_DIR; };
		F8D3C1D42C88E06900C9B255 /* AppDelegate.swift */ = {isa = PBXFileReference; lastKnownFileType = sourcecode.swift; path = AppDelegate.swift; sourceTree = "<group>"; };
		F8D3C1D62C88E06900C9B255 /* SceneDelegate.swift */ = {isa = PBXFileReference; lastKnownFileType = sourcecode.swift; path = SceneDelegate.swift; sourceTree = "<group>"; };
		F8D3C1DD2C88E06B00C9B255 /* Assets.xcassets */ = {isa = PBXFileReference; lastKnownFileType = folder.assetcatalog; path = Assets.xcassets; sourceTree = "<group>"; };
		F8D3C1E02C88E06B00C9B255 /* Base */ = {isa = PBXFileReference; lastKnownFileType = file.storyboard; name = Base; path = Base.lproj/LaunchScreen.storyboard; sourceTree = "<group>"; };
		F8D3C1E22C88E06B00C9B255 /* Info.plist */ = {isa = PBXFileReference; lastKnownFileType = text.plist.xml; path = Info.plist; sourceTree = "<group>"; };
		F8D3C1E72C88E06B00C9B255 /* El_DUKKANATests.xctest */ = {isa = PBXFileReference; explicitFileType = wrapper.cfbundle; includeInIndex = 0; path = El_DUKKANATests.xctest; sourceTree = BUILT_PRODUCTS_DIR; };
		F8D3C1EB2C88E06B00C9B255 /* El_DUKKANATests.swift */ = {isa = PBXFileReference; lastKnownFileType = sourcecode.swift; path = El_DUKKANATests.swift; sourceTree = "<group>"; };
		F8D3C1F12C88E06B00C9B255 /* El_DUKKANAUITests.xctest */ = {isa = PBXFileReference; explicitFileType = wrapper.cfbundle; includeInIndex = 0; path = El_DUKKANAUITests.xctest; sourceTree = BUILT_PRODUCTS_DIR; };
		F8D3C1F52C88E06C00C9B255 /* El_DUKKANAUITests.swift */ = {isa = PBXFileReference; lastKnownFileType = sourcecode.swift; path = El_DUKKANAUITests.swift; sourceTree = "<group>"; };
		F8D3C1F72C88E06C00C9B255 /* El_DUKKANAUITestsLaunchTests.swift */ = {isa = PBXFileReference; lastKnownFileType = sourcecode.swift; path = El_DUKKANAUITestsLaunchTests.swift; sourceTree = "<group>"; };
		F8D3C2072C88E10C00C9B255 /* StartOptionsStoryboard.storyboard */ = {isa = PBXFileReference; lastKnownFileType = file.storyboard; path = StartOptionsStoryboard.storyboard; sourceTree = "<group>"; };
		F8D3C2092C88E14A00C9B255 /* StartOptionsVC.swift */ = {isa = PBXFileReference; lastKnownFileType = sourcecode.swift; path = StartOptionsVC.swift; sourceTree = "<group>"; };
		F8E451632C91D539003093B6 /* FavoritesViewModel.swift */ = {isa = PBXFileReference; lastKnownFileType = sourcecode.swift; path = FavoritesViewModel.swift; sourceTree = "<group>"; };
		F8E451682C9256AB003093B6 /* CheckoutPaymentStoryboard.storyboard */ = {isa = PBXFileReference; lastKnownFileType = file.storyboard; path = CheckoutPaymentStoryboard.storyboard; sourceTree = "<group>"; };
		F8E4516A2C92741E003093B6 /* CheckoutViewController.swift */ = {isa = PBXFileReference; lastKnownFileType = sourcecode.swift; path = CheckoutViewController.swift; sourceTree = "<group>"; };
		F8E4516E2C934AC2003093B6 /* PaymentViewModel.swift */ = {isa = PBXFileReference; lastKnownFileType = sourcecode.swift; path = PaymentViewModel.swift; sourceTree = "<group>"; };
		F8E451702C934AE4003093B6 /* CheckoutViewModel.swift */ = {isa = PBXFileReference; lastKnownFileType = sourcecode.swift; path = CheckoutViewModel.swift; sourceTree = "<group>"; };
		F8E451722C93C435003093B6 /* El_DUKKANA.entitlements */ = {isa = PBXFileReference; lastKnownFileType = text.plist.entitlements; path = El_DUKKANA.entitlements; sourceTree = "<group>"; };
		F8EC6B7E2C8CE84A00A8D7AF /* Currency.swift */ = {isa = PBXFileReference; lastKnownFileType = sourcecode.swift; path = Currency.swift; sourceTree = "<group>"; };
		F8EC6B832C8CEE2D00A8D7AF /* AboutUS.storyboard */ = {isa = PBXFileReference; lastKnownFileType = file.storyboard; path = AboutUS.storyboard; sourceTree = "<group>"; };
		F8F9BBDB2C891DF3005AE496 /* Network.swift */ = {isa = PBXFileReference; lastKnownFileType = sourcecode.swift; path = Network.swift; sourceTree = "<group>"; };
		F8F9BBDD2C891E21005AE496 /* NetworkProtocol.swift */ = {isa = PBXFileReference; lastKnownFileType = sourcecode.swift; path = NetworkProtocol.swift; sourceTree = "<group>"; };
		F8F9BBDF2C891E5A005AE496 /* Customer.swift */ = {isa = PBXFileReference; lastKnownFileType = sourcecode.swift; path = Customer.swift; sourceTree = "<group>"; };
/* End PBXFileReference section */

/* Begin PBXFrameworksBuildPhase section */
		F8D3C1CE2C88E06900C9B255 /* Frameworks */ = {
			isa = PBXFrameworksBuildPhase;
			buildActionMask = 2147483647;
			files = (
				F8D3C2122C88E26900C9B255 /* FirebaseAnalytics in Frameworks */,
				F8D3C2142C88E26900C9B255 /* FirebaseAuth in Frameworks */,
				E91C6B3EC5324CDD4CD2CFAD /* Pods_El_DUKKANA.framework in Frameworks */,
			);
			runOnlyForDeploymentPostprocessing = 0;
		};
		F8D3C1E42C88E06B00C9B255 /* Frameworks */ = {
			isa = PBXFrameworksBuildPhase;
			buildActionMask = 2147483647;
			files = (
				E7D8FD55D577A08DB0FAEA38 /* Pods_El_DUKKANATests.framework in Frameworks */,
			);
			runOnlyForDeploymentPostprocessing = 0;
		};
		F8D3C1EE2C88E06B00C9B255 /* Frameworks */ = {
			isa = PBXFrameworksBuildPhase;
			buildActionMask = 2147483647;
			files = (
				7B1CE7A04CFA4FE135929E92 /* Pods_El_DUKKANAUITests.framework in Frameworks */,
			);
			runOnlyForDeploymentPostprocessing = 0;
		};
/* End PBXFrameworksBuildPhase section */

/* Begin PBXGroup section */
		2647BE4E2C92203C0075D008 /* Recovered References */ = {
			isa = PBXGroup;
			children = (
			);
			name = "Recovered References";
			sourceTree = "<group>";
		};
		264E3ADD2C8CC330001FC585 /* Brand */ = {
			isa = PBXGroup;
			children = (
				264E3ADF2C8CC342001FC585 /* View Model */,
				264E3ADE2C8CC33C001FC585 /* View */,
			);
			path = Brand;
			sourceTree = "<group>";
		};
		264E3ADE2C8CC33C001FC585 /* View */ = {
			isa = PBXGroup;
			children = (
				264E3AE42C8D3815001FC585 /* BrandViewController.swift */,
			);
			path = View;
			sourceTree = "<group>";
		};
		264E3ADF2C8CC342001FC585 /* View Model */ = {
			isa = PBXGroup;
			children = (
				264E3AE02C8CC384001FC585 /* BrandViewModel.swift */,
			);
			path = "View Model";
			sourceTree = "<group>";
		};
		268C65382C92262D00EF2F88 /* OnBoarding */ = {
			isa = PBXGroup;
			children = (
				268C65392C92263500EF2F88 /* View */,
			);
			path = OnBoarding;
			sourceTree = "<group>";
		};
		268C65392C92263500EF2F88 /* View */ = {
			isa = PBXGroup;
			children = (
				268C653A2C92265000EF2F88 /* OnBoardingStoryboard.storyboard */,
				268C653C2C92265F00EF2F88 /* OnBoardingViewController.swift */,
			);
			path = View;
			sourceTree = "<group>";
		};
		26B335D72C8A63D500968401 /* Categories */ = {
			isa = PBXGroup;
			children = (
				26B335D92C8A63FA00968401 /* View Model */,
				26B335DB2C8A641200968401 /* View */,
			);
			path = Categories;
			sourceTree = "<group>";
		};
		26B335D92C8A63FA00968401 /* View Model */ = {
			isa = PBXGroup;
			children = (
				26B335DC2C8A643700968401 /* CategoriesViewModel.swift */,
				8168E3802C91046B000DBEDA /* SearchViewModel.swift */,
			);
			path = "View Model";
			sourceTree = "<group>";
		};
		26B335DB2C8A641200968401 /* View */ = {
			isa = PBXGroup;
			children = (
				26B335DE2C8A645B00968401 /* CategoriesViewController.swift */,
			);
			path = View;
			sourceTree = "<group>";
		};
		26BBA7DC2C94DD3600554DEA /* Addresses */ = {
			isa = PBXGroup;
			children = (
				26BBA7DE2C94DD5B00554DEA /* View Model */,
				26BBA7DD2C94DD4700554DEA /* View */,
			);
			path = Addresses;
			sourceTree = "<group>";
		};
		26BBA7DD2C94DD4700554DEA /* View */ = {
			isa = PBXGroup;
			children = (
				81A7B3AE2C96504B003B8BB6 /* Delegate */,
				26BBA7E12C94DD8A00554DEA /* AddressesViewController.swift */,
				26BBA7E32C94DD9900554DEA /* AddressesStoryboard.storyboard */,
				26E420572C94FDED006968D7 /* AddressesTableViewCell.swift */,
				26E420552C94FA40006968D7 /* AddAddressViewController.swift */,
			);
			path = View;
			sourceTree = "<group>";
		};
		26BBA7DE2C94DD5B00554DEA /* View Model */ = {
			isa = PBXGroup;
			children = (
				26BBA7DF2C94DD7100554DEA /* AddressesViewModel.swift */,
			);
			path = "View Model";
			sourceTree = "<group>";
		};
		26DB3D1F2C8A16A000E4E697 /* Home */ = {
			isa = PBXGroup;
			children = (
				26DB3D212C8A16D900E4E697 /* View Model */,
				26DB3D202C8A16D100E4E697 /* View */,
			);
			path = Home;
			sourceTree = "<group>";
		};
		26DB3D202C8A16D100E4E697 /* View */ = {
			isa = PBXGroup;
			children = (
				26DB3D222C8A16F900E4E697 /* HomeStoryboard.storyboard */,
				26DB3D272C8A241300E4E697 /* HomeViewController.swift */,
				F80490542C8B0AEC00CE43ED /* AdsCollectionViewCell.swift */,
				F80490552C8B0AEC00CE43ED /* AdsCollectionViewCell.xib */,
				26616F402C8DD224008BCD9D /* BrandsCollectionViewCell.swift */,
			);
			path = View;
			sourceTree = "<group>";
		};
		26DB3D212C8A16D900E4E697 /* View Model */ = {
			isa = PBXGroup;
			children = (
				26DB3D242C8A171B00E4E697 /* HomeViewModel.swift */,
			);
			path = "View Model";
			sourceTree = "<group>";
		};
		26E4205D2C976ABB006968D7 /* Mocking */ = {
			isa = PBXGroup;
			children = (
				26E4205E2C976AEC006968D7 /* MockNetwork.swift */,
				26E420662C976FD6006968D7 /* MockNetworkManager.swift */,
			);
			path = Mocking;
			sourceTree = "<group>";
		};
		26E420632C976B48006968D7 /* Network Tests */ = {
			isa = PBXGroup;
			children = (
				26E420682C977034006968D7 /* NetworkManagerTests.swift */,
			);
			path = "Network Tests";
			sourceTree = "<group>";
		};
		26E4206A2C979241006968D7 /* Extensions */ = {
			isa = PBXGroup;
			children = (
				26E4206B2C97926A006968D7 /* UIAlertExtension.swift */,
			);
			path = Extensions;
			sourceTree = "<group>";
		};
		5EE553653085591DB0798C76 /* Pods */ = {
			isa = PBXGroup;
			children = (
				1CE434CB525C6BFD9C71344E /* Pods-El_DUKKANA.debug.xcconfig */,
				5CB35D5B135D8F358590AF9F /* Pods-El_DUKKANA.release.xcconfig */,
				CC98990FE4D9CDD625A429A0 /* Pods-El_DUKKANATests.debug.xcconfig */,
				C3BDCD9420B95267E514D0A0 /* Pods-El_DUKKANATests.release.xcconfig */,
				8B0AC9A2DAD8B724DBE93EB9 /* Pods-El_DUKKANAUITests.debug.xcconfig */,
				0F698E9BF5FE8BF6209C59DE /* Pods-El_DUKKANAUITests.release.xcconfig */,
			);
			path = Pods;
			sourceTree = "<group>";
		};
		813740602C8B7737001ECAF4 /* ProductDetails */ = {
			isa = PBXGroup;
			children = (
				813740772C8BDEEC001ECAF4 /* Delegation */,
				813740622C8B7745001ECAF4 /* ViewModel */,
				813740612C8B7740001ECAF4 /* View */,
			);
			path = ProductDetails;
			sourceTree = "<group>";
		};
		813740612C8B7740001ECAF4 /* View */ = {
			isa = PBXGroup;
			children = (
				813740652C8B776D001ECAF4 /* ProductDetailsStoryboard.storyboard */,
				813740672C8B7781001ECAF4 /* ProductDetailsVC.swift */,
				8137406F2C8BAA18001ECAF4 /* ReviewsViewController.swift */,
				813740712C8BAAED001ECAF4 /* ReviewCell.swift */,
				813740732C8BAB03001ECAF4 /* ProductImagesCell.swift */,
				813740752C8BDA20001ECAF4 /* AddReviewVC.swift */,
				81B034992C8D1DDB00D4A4C5 /* ImagesCell.swift */,
				81B0349B2C8D209100D4A4C5 /* DrowCollectioView.swift */,
			);
			path = View;
			sourceTree = "<group>";
		};
		813740622C8B7745001ECAF4 /* ViewModel */ = {
			isa = PBXGroup;
			children = (
				813740632C8B775D001ECAF4 /* ProductDetailsViewModel.swift */,
				8137406B2C8B9733001ECAF4 /* ReviewsViewModel.swift */,
			);
			path = ViewModel;
			sourceTree = "<group>";
		};
		813740772C8BDEEC001ECAF4 /* Delegation */ = {
			isa = PBXGroup;
			children = (
				813740782C8BDEF9001ECAF4 /* Delegation.swift */,
			);
			path = Delegation;
			sourceTree = "<group>";
		};
		8137407A2C8BE805001ECAF4 /* CoreData */ = {
			isa = PBXGroup;
			children = (
				8137407B2C8BE820001ECAF4 /* CoreDataForReviews.swift */,
			);
			path = CoreData;
			sourceTree = "<group>";
		};
		81A7B3AE2C96504B003B8BB6 /* Delegate */ = {
			isa = PBXGroup;
			children = (
				81A7B3AF2C96506B003B8BB6 /* AddressDelegateProtocol.swift */,
			);
			path = Delegate;
			sourceTree = "<group>";
		};
		81B0349D2C8D218300D4A4C5 /* Utilities */ = {
			isa = PBXGroup;
			children = (
				81B0349E2C8D219F00D4A4C5 /* PageController.swift */,
				8107C9822C8D573E00D1C938 /* ViewsSet.swift */,
				8169B2212C951E54002D138A /* FavBtnAnimation.swift */,
			);
			path = Utilities;
			sourceTree = "<group>";
		};
		81D72A942C8912320087371F /* Authentication */ = {
			isa = PBXGroup;
			children = (
				81D72A962C89125F0087371F /* ViewModel */,
				81D72A952C8912470087371F /* View */,
			);
			path = Authentication;
			sourceTree = "<group>";
		};
		81D72A952C8912470087371F /* View */ = {
			isa = PBXGroup;
			children = (
				81D72A972C8912880087371F /* AuthenticationStoryboard.storyboard */,
				81D72A9B2C8912C50087371F /* SignInVC.swift */,
				81D72A992C8912B60087371F /* SignUpVC.swift */,
			);
			path = View;
			sourceTree = "<group>";
		};
		81D72A962C89125F0087371F /* ViewModel */ = {
			isa = PBXGroup;
			children = (
				8135A46E2C9223A200D25B4C /* CustomerViewModel.swift */,
				8160D39B2C9392D00026CE11 /* CurrentCustomer.swift */,
			);
			path = ViewModel;
			sourceTree = "<group>";
		};
		B9035C6F2DE257D163AC92C3 /* Frameworks */ = {
			isa = PBXGroup;
			children = (
				E86494022EDA9DF3F2C743BE /* Pods_El_DUKKANA.framework */,
				9B37A75675DCBD8C03A7D814 /* Pods_El_DUKKANATests.framework */,
				E18383E0D398AECC12DED520 /* Pods_El_DUKKANAUITests.framework */,
			);
			name = Frameworks;
			sourceTree = "<group>";
		};
		F80490582C8B14AF00CE43ED /* Shopping Cart */ = {
			isa = PBXGroup;
			children = (
				F804905A2C8B15DC00CE43ED /* View Model */,
				F80490592C8B15D200CE43ED /* View */,
			);
			path = "Shopping Cart";
			sourceTree = "<group>";
		};
		F80490592C8B15D200CE43ED /* View */ = {
			isa = PBXGroup;
			children = (
				F804905B2C8B162300CE43ED /* CartStoryboard.storyboard */,
				F8528DA32C90A5510068858C /* CartViewController.swift */,
				F804905E2C8B1AE500CE43ED /* CartItemTableViewCell.xib */,
				F804905D2C8B1AE500CE43ED /* CartItemTableViewCell.swift */,
			);
			path = View;
			sourceTree = "<group>";
		};
		F804905A2C8B15DC00CE43ED /* View Model */ = {
			isa = PBXGroup;
			children = (
				F8528DA72C910BF00068858C /* CartViewModel.swift */,
			);
			path = "View Model";
			sourceTree = "<group>";
		};
		F80490612C8BB4FF00CE43ED /* URLMangerTesting */ = {
			isa = PBXGroup;
			children = (
				F80490632C8BB59300CE43ED /* URLMangerTest.swift */,
			);
			path = URLMangerTesting;
			sourceTree = "<group>";
		};
		F8528D9A2C90802E0068858C /* Settings */ = {
			isa = PBXGroup;
			children = (
				F8528D9C2C9080440068858C /* View Model */,
				F8528D9B2C90803C0068858C /* View */,
			);
			path = Settings;
			sourceTree = "<group>";
		};
		F8528D9B2C90803C0068858C /* View */ = {
			isa = PBXGroup;
			children = (
				F8528D9F2C9080CA0068858C /* SettingsStoryboard.storyboard */,
				F8528DA12C9081970068858C /* SettingsViewController.swift */,
			);
			path = View;
			sourceTree = "<group>";
		};
		F8528D9C2C9080440068858C /* View Model */ = {
			isa = PBXGroup;
			children = (
				F8528D9D2C90809C0068858C /* SettingsVM.swift */,
			);
			path = "View Model";
			sourceTree = "<group>";
		};
		F8528DAB2C913A090068858C /* Profile */ = {
			isa = PBXGroup;
			children = (
				F8528DAE2C913A8B0068858C /* View Model */,
				F8528DAC2C913A150068858C /* View */,
			);
			path = Profile;
			sourceTree = "<group>";
		};
		F8528DAC2C913A150068858C /* View */ = {
			isa = PBXGroup;
			children = (
				F8528DAF2C913ABF0068858C /* ProfileStoryboard.storyboard */,
				F8528DB12C913AD80068858C /* ProfileViewController.swift */,
				268C65422C936E4400EF2F88 /* OrderTableViewCell.swift */,
				268C65432C936E4400EF2F88 /* OrderTableViewCell.xib */,
				26BBA7D42C937A8000554DEA /* OrdersViewController.swift */,
			);
			path = View;
			sourceTree = "<group>";
		};
		F8528DAE2C913A8B0068858C /* View Model */ = {
			isa = PBXGroup;
			children = (
				F8528DB32C913AED0068858C /* ProfileViewModel.swift */,
				26BBA7D12C93757200554DEA /* OrdersViewModel.swift */,
			);
			name = "View Model";
			path = "../View Model";
			sourceTree = "<group>";
		};
		F8D3C1C82C88E06900C9B255 = {
			isa = PBXGroup;
			children = (
				F8D3C1D32C88E06900C9B255 /* El_DUKKANA */,
				F8D3C1EA2C88E06B00C9B255 /* El_DUKKANATests */,
				F8D3C1F42C88E06B00C9B255 /* El_DUKKANAUITests */,
				F8D3C1D22C88E06900C9B255 /* Products */,
				5EE553653085591DB0798C76 /* Pods */,
				B9035C6F2DE257D163AC92C3 /* Frameworks */,
				2647BE4E2C92203C0075D008 /* Recovered References */,
			);
			sourceTree = "<group>";
		};
		F8D3C1D22C88E06900C9B255 /* Products */ = {
			isa = PBXGroup;
			children = (
				F8D3C1D12C88E06900C9B255 /* El_DUKKANA.app */,
				F8D3C1E72C88E06B00C9B255 /* El_DUKKANATests.xctest */,
				F8D3C1F12C88E06B00C9B255 /* El_DUKKANAUITests.xctest */,
			);
			name = Products;
			sourceTree = "<group>";
		};
		F8D3C1D32C88E06900C9B255 /* El_DUKKANA */ = {
			isa = PBXGroup;
			children = (
				26E4206A2C979241006968D7 /* Extensions */,
				F8E451722C93C435003093B6 /* El_DUKKANA.entitlements */,
				8160D3992C93448D0026CE11 /* GoogleService-Info.plist */,
				81B0349D2C8D218300D4A4C5 /* Utilities */,
				F8D3C20D2C88E17800C9B255 /* View */,
				F8D3C20C2C88E16600C9B255 /* Services */,
				F8D3C20B2C88E15E00C9B255 /* Models */,
				F8D3C2052C88E0A500C9B255 /* Modules */,
				F8D3C1D42C88E06900C9B255 /* AppDelegate.swift */,
				F8D3C1D62C88E06900C9B255 /* SceneDelegate.swift */,
				F8D3C1DD2C88E06B00C9B255 /* Assets.xcassets */,
				F8D3C1E22C88E06B00C9B255 /* Info.plist */,
				8137407D2C8BEA17001ECAF4 /* El_DUKKANA.xcdatamodeld */,
			);
			path = El_DUKKANA;
			sourceTree = "<group>";
		};
		F8D3C1EA2C88E06B00C9B255 /* El_DUKKANATests */ = {
			isa = PBXGroup;
			children = (
				26E4205D2C976ABB006968D7 /* Mocking */,
				26E420632C976B48006968D7 /* Network Tests */,
				F80490612C8BB4FF00CE43ED /* URLMangerTesting */,
				F8D3C1EB2C88E06B00C9B255 /* El_DUKKANATests.swift */,
			);
			path = El_DUKKANATests;
			sourceTree = "<group>";
		};
		F8D3C1F42C88E06B00C9B255 /* El_DUKKANAUITests */ = {
			isa = PBXGroup;
			children = (
				F8D3C1F52C88E06C00C9B255 /* El_DUKKANAUITests.swift */,
				F8D3C1F72C88E06C00C9B255 /* El_DUKKANAUITestsLaunchTests.swift */,
			);
			path = El_DUKKANAUITests;
			sourceTree = "<group>";
		};
		F8D3C2052C88E0A500C9B255 /* Modules */ = {
			isa = PBXGroup;
			children = (
				26BBA7DC2C94DD3600554DEA /* Addresses */,
				F8E451652C923B16003093B6 /* Payment */,
				F8E451602C91D4FA003093B6 /* Favorites */,
				F8528DAB2C913A090068858C /* Profile */,
				268C65382C92262D00EF2F88 /* OnBoarding */,
				F8528D9A2C90802E0068858C /* Settings */,
				264E3ADD2C8CC330001FC585 /* Brand */,
				F8EC6B812C8CEE0000A8D7AF /* About Us */,
				813740602C8B7737001ECAF4 /* ProductDetails */,
				F80490582C8B14AF00CE43ED /* Shopping Cart */,
				26B335D72C8A63D500968401 /* Categories */,
				26DB3D1F2C8A16A000E4E697 /* Home */,
				81D72A942C8912320087371F /* Authentication */,
				F8D3C2062C88E0B300C9B255 /* Main & Launch Screen */,
			);
			path = Modules;
			sourceTree = "<group>";
		};
		F8D3C2062C88E0B300C9B255 /* Main & Launch Screen */ = {
			isa = PBXGroup;
			children = (
				F8D3C1DF2C88E06B00C9B255 /* LaunchScreen.storyboard */,
				F8D3C2072C88E10C00C9B255 /* StartOptionsStoryboard.storyboard */,
				F8D3C2092C88E14A00C9B255 /* StartOptionsVC.swift */,
			);
			path = "Main & Launch Screen";
			sourceTree = "<group>";
		};
		F8D3C20B2C88E15E00C9B255 /* Models */ = {
			isa = PBXGroup;
			children = (
				F8F9BBDF2C891E5A005AE496 /* Customer.swift */,
				26DB3D1B2C8A07E600E4E697 /* Brands.swift */,
				26DB3D1D2C8A080B00E4E697 /* Product.swift */,
				8137406D2C8B9ADE001ECAF4 /* Reviews.swift */,
				F8EC6B7E2C8CE84A00A8D7AF /* Currency.swift */,
				F8528DA52C90B2C10068858C /* PriceRules.swift */,
				F8528DA92C9119660068858C /* DraftOrder.swift */,
				268C65402C93630100EF2F88 /* Order.swift */,
			);
			path = Models;
			sourceTree = "<group>";
		};
		F8D3C20C2C88E16600C9B255 /* Services */ = {
			isa = PBXGroup;
			children = (
				F8D3C20F2C88E18800C9B255 /* Local */,
				F8D3C20E2C88E18000C9B255 /* Remote */,
			);
			path = Services;
			sourceTree = "<group>";
		};
		F8D3C20D2C88E17800C9B255 /* View */ = {
			isa = PBXGroup;
			children = (
				26FBE3212C8CBE5000263DE3 /* ProductCell.swift */,
				26FBE3222C8CBE5000263DE3 /* ProductCell.xib */,
			);
			path = View;
			sourceTree = "<group>";
		};
		F8D3C20E2C88E18000C9B255 /* Remote */ = {
			isa = PBXGroup;
			children = (
				F8F9BBDB2C891DF3005AE496 /* Network.swift */,
				F8F9BBDD2C891E21005AE496 /* NetworkProtocol.swift */,
				81F370892C88F6F3007FBC45 /* URLManager.swift */,
				81F3708B2C88F6FE007FBC45 /* URLManagerProtocol.swift */,
			);
			path = Remote;
			sourceTree = "<group>";
		};
		F8D3C20F2C88E18800C9B255 /* Local */ = {
			isa = PBXGroup;
			children = (
				8137407A2C8BE805001ECAF4 /* CoreData */,
			);
			path = Local;
			sourceTree = "<group>";
		};
		F8E451602C91D4FA003093B6 /* Favorites */ = {
			isa = PBXGroup;
			children = (
				F8E451622C91D50E003093B6 /* View Model */,
				F8E451612C91D506003093B6 /* View */,
			);
			path = Favorites;
			sourceTree = "<group>";
		};
		F8E451612C91D506003093B6 /* View */ = {
			isa = PBXGroup;
			children = (
				26BBA7DA2C94D91400554DEA /* FavoritesStoryboard.storyboard */,
				26BBA7D82C94D90500554DEA /* FavoritesViewController.swift */,
			);
			path = View;
			sourceTree = "<group>";
		};
		F8E451622C91D50E003093B6 /* View Model */ = {
			isa = PBXGroup;
			children = (
				F8E451632C91D539003093B6 /* FavoritesViewModel.swift */,
			);
			path = "View Model";
			sourceTree = "<group>";
		};
		F8E451652C923B16003093B6 /* Payment */ = {
			isa = PBXGroup;
			children = (
				F8E451672C923B29003093B6 /* View Model */,
				F8E451662C923B21003093B6 /* View */,
			);
			path = Payment;
			sourceTree = "<group>";
		};
		F8E451662C923B21003093B6 /* View */ = {
			isa = PBXGroup;
			children = (
				F8E451682C9256AB003093B6 /* CheckoutPaymentStoryboard.storyboard */,
				F8E4516A2C92741E003093B6 /* CheckoutViewController.swift */,
			);
			path = View;
			sourceTree = "<group>";
		};
		F8E451672C923B29003093B6 /* View Model */ = {
			isa = PBXGroup;
			children = (
				F8E4516E2C934AC2003093B6 /* PaymentViewModel.swift */,
				F8E451702C934AE4003093B6 /* CheckoutViewModel.swift */,
			);
			path = "View Model";
			sourceTree = "<group>";
		};
		F8EC6B812C8CEE0000A8D7AF /* About Us */ = {
			isa = PBXGroup;
			children = (
				F8EC6B822C8CEE1100A8D7AF /* View */,
			);
			path = "About Us";
			sourceTree = "<group>";
		};
		F8EC6B822C8CEE1100A8D7AF /* View */ = {
			isa = PBXGroup;
			children = (
				F8EC6B832C8CEE2D00A8D7AF /* AboutUS.storyboard */,
				26BBA7D62C93C1C000554DEA /* AboutUsViewController.swift */,
			);
			path = View;
			sourceTree = "<group>";
		};
/* End PBXGroup section */

/* Begin PBXNativeTarget section */
		F8D3C1D02C88E06900C9B255 /* El_DUKKANA */ = {
			isa = PBXNativeTarget;
			buildConfigurationList = F8D3C1FB2C88E06C00C9B255 /* Build configuration list for PBXNativeTarget "El_DUKKANA" */;
			buildPhases = (
				F54F07D6BD32FC6DBC62847E /* [CP] Check Pods Manifest.lock */,
				F8D3C1CD2C88E06900C9B255 /* Sources */,
				F8D3C1CE2C88E06900C9B255 /* Frameworks */,
				F8D3C1CF2C88E06900C9B255 /* Resources */,
				A1BB7642F48EFDC328BD0F01 /* [CP] Embed Pods Frameworks */,
			);
			buildRules = (
			);
			dependencies = (
			);
			name = El_DUKKANA;
			packageProductDependencies = (
				F8D3C2112C88E26900C9B255 /* FirebaseAnalytics */,
				F8D3C2132C88E26900C9B255 /* FirebaseAuth */,
			);
			productName = El_DUKKANA;
			productReference = F8D3C1D12C88E06900C9B255 /* El_DUKKANA.app */;
			productType = "com.apple.product-type.application";
		};
		F8D3C1E62C88E06B00C9B255 /* El_DUKKANATests */ = {
			isa = PBXNativeTarget;
			buildConfigurationList = F8D3C1FE2C88E06C00C9B255 /* Build configuration list for PBXNativeTarget "El_DUKKANATests" */;
			buildPhases = (
				9845DE9DB3A94B701EB5933D /* [CP] Check Pods Manifest.lock */,
				F8D3C1E32C88E06B00C9B255 /* Sources */,
				F8D3C1E42C88E06B00C9B255 /* Frameworks */,
				F8D3C1E52C88E06B00C9B255 /* Resources */,
			);
			buildRules = (
			);
			dependencies = (
				F8D3C1E92C88E06B00C9B255 /* PBXTargetDependency */,
			);
			name = El_DUKKANATests;
			productName = El_DUKKANATests;
			productReference = F8D3C1E72C88E06B00C9B255 /* El_DUKKANATests.xctest */;
			productType = "com.apple.product-type.bundle.unit-test";
		};
		F8D3C1F02C88E06B00C9B255 /* El_DUKKANAUITests */ = {
			isa = PBXNativeTarget;
			buildConfigurationList = F8D3C2012C88E06C00C9B255 /* Build configuration list for PBXNativeTarget "El_DUKKANAUITests" */;
			buildPhases = (
				F3E8239C3A39EDF623DE12C4 /* [CP] Check Pods Manifest.lock */,
				F8D3C1ED2C88E06B00C9B255 /* Sources */,
				F8D3C1EE2C88E06B00C9B255 /* Frameworks */,
				F8D3C1EF2C88E06B00C9B255 /* Resources */,
			);
			buildRules = (
			);
			dependencies = (
				F8D3C1F32C88E06B00C9B255 /* PBXTargetDependency */,
			);
			name = El_DUKKANAUITests;
			productName = El_DUKKANAUITests;
			productReference = F8D3C1F12C88E06B00C9B255 /* El_DUKKANAUITests.xctest */;
			productType = "com.apple.product-type.bundle.ui-testing";
		};
/* End PBXNativeTarget section */

/* Begin PBXProject section */
		F8D3C1C92C88E06900C9B255 /* Project object */ = {
			isa = PBXProject;
			attributes = {
				BuildIndependentTargetsInParallel = 1;
				LastSwiftUpdateCheck = 1430;
				LastUpgradeCheck = 1430;
				TargetAttributes = {
					F8D3C1D02C88E06900C9B255 = {
						CreatedOnToolsVersion = 14.3.1;
					};
					F8D3C1E62C88E06B00C9B255 = {
						CreatedOnToolsVersion = 14.3.1;
						TestTargetID = F8D3C1D02C88E06900C9B255;
					};
					F8D3C1F02C88E06B00C9B255 = {
						CreatedOnToolsVersion = 14.3.1;
						TestTargetID = F8D3C1D02C88E06900C9B255;
					};
				};
			};
			buildConfigurationList = F8D3C1CC2C88E06900C9B255 /* Build configuration list for PBXProject "El_DUKKANA" */;
			compatibilityVersion = "Xcode 14.0";
			developmentRegion = en;
			hasScannedForEncodings = 0;
			knownRegions = (
				en,
				Base,
			);
			mainGroup = F8D3C1C82C88E06900C9B255;
			packageReferences = (
				F8D3C2102C88E26900C9B255 /* XCRemoteSwiftPackageReference "firebase-ios-sdk" */,
			);
			productRefGroup = F8D3C1D22C88E06900C9B255 /* Products */;
			projectDirPath = "";
			projectRoot = "";
			targets = (
				F8D3C1D02C88E06900C9B255 /* El_DUKKANA */,
				F8D3C1E62C88E06B00C9B255 /* El_DUKKANATests */,
				F8D3C1F02C88E06B00C9B255 /* El_DUKKANAUITests */,
			);
		};
/* End PBXProject section */

/* Begin PBXResourcesBuildPhase section */
		F8D3C1CF2C88E06900C9B255 /* Resources */ = {
			isa = PBXResourcesBuildPhase;
			buildActionMask = 2147483647;
			files = (
				F8D3C2082C88E10C00C9B255 /* StartOptionsStoryboard.storyboard in Resources */,
				F80490572C8B0AEC00CE43ED /* AdsCollectionViewCell.xib in Resources */,
				F8D3C1E12C88E06B00C9B255 /* LaunchScreen.storyboard in Resources */,
				26BBA7E42C94DD9900554DEA /* AddressesStoryboard.storyboard in Resources */,
				F8EC6B842C8CEE2D00A8D7AF /* AboutUS.storyboard in Resources */,
				F8D3C1DE2C88E06B00C9B255 /* Assets.xcassets in Resources */,
				F8528DA02C9080CA0068858C /* SettingsStoryboard.storyboard in Resources */,
				268C65452C936E4400EF2F88 /* OrderTableViewCell.xib in Resources */,
				81D72A982C8912880087371F /* AuthenticationStoryboard.storyboard in Resources */,
				F8528DB02C913ABF0068858C /* ProfileStoryboard.storyboard in Resources */,
				26BBA7DB2C94D91400554DEA /* FavoritesStoryboard.storyboard in Resources */,
				F8E451692C9256AB003093B6 /* CheckoutPaymentStoryboard.storyboard in Resources */,
				813740662C8B776D001ECAF4 /* ProductDetailsStoryboard.storyboard in Resources */,
				268C653B2C92265000EF2F88 /* OnBoardingStoryboard.storyboard in Resources */,
				26DB3D232C8A16F900E4E697 /* HomeStoryboard.storyboard in Resources */,
				26FBE3242C8CBE5000263DE3 /* ProductCell.xib in Resources */,
				F80490602C8B1AE500CE43ED /* CartItemTableViewCell.xib in Resources */,
				F804905C2C8B162300CE43ED /* CartStoryboard.storyboard in Resources */,
				8160D39A2C93448E0026CE11 /* GoogleService-Info.plist in Resources */,
			);
			runOnlyForDeploymentPostprocessing = 0;
		};
		F8D3C1E52C88E06B00C9B255 /* Resources */ = {
			isa = PBXResourcesBuildPhase;
			buildActionMask = 2147483647;
			files = (
			);
			runOnlyForDeploymentPostprocessing = 0;
		};
		F8D3C1EF2C88E06B00C9B255 /* Resources */ = {
			isa = PBXResourcesBuildPhase;
			buildActionMask = 2147483647;
			files = (
			);
			runOnlyForDeploymentPostprocessing = 0;
		};
/* End PBXResourcesBuildPhase section */

/* Begin PBXShellScriptBuildPhase section */
		9845DE9DB3A94B701EB5933D /* [CP] Check Pods Manifest.lock */ = {
			isa = PBXShellScriptBuildPhase;
			buildActionMask = 2147483647;
			files = (
			);
			inputFileListPaths = (
			);
			inputPaths = (
				"${PODS_PODFILE_DIR_PATH}/Podfile.lock",
				"${PODS_ROOT}/Manifest.lock",
			);
			name = "[CP] Check Pods Manifest.lock";
			outputFileListPaths = (
			);
			outputPaths = (
				"$(DERIVED_FILE_DIR)/Pods-El_DUKKANATests-checkManifestLockResult.txt",
			);
			runOnlyForDeploymentPostprocessing = 0;
			shellPath = /bin/sh;
			shellScript = "diff \"${PODS_PODFILE_DIR_PATH}/Podfile.lock\" \"${PODS_ROOT}/Manifest.lock\" > /dev/null\nif [ $? != 0 ] ; then\n    # print error to STDERR\n    echo \"error: The sandbox is not in sync with the Podfile.lock. Run 'pod install' or update your CocoaPods installation.\" >&2\n    exit 1\nfi\n# This output is used by Xcode 'outputs' to avoid re-running this script phase.\necho \"SUCCESS\" > \"${SCRIPT_OUTPUT_FILE_0}\"\n";
			showEnvVarsInLog = 0;
		};
		A1BB7642F48EFDC328BD0F01 /* [CP] Embed Pods Frameworks */ = {
			isa = PBXShellScriptBuildPhase;
			buildActionMask = 2147483647;
			files = (
			);
			inputFileListPaths = (
				"${PODS_ROOT}/Target Support Files/Pods-El_DUKKANA/Pods-El_DUKKANA-frameworks-${CONFIGURATION}-input-files.xcfilelist",
			);
			name = "[CP] Embed Pods Frameworks";
			outputFileListPaths = (
				"${PODS_ROOT}/Target Support Files/Pods-El_DUKKANA/Pods-El_DUKKANA-frameworks-${CONFIGURATION}-output-files.xcfilelist",
			);
			runOnlyForDeploymentPostprocessing = 0;
			shellPath = /bin/sh;
			shellScript = "\"${PODS_ROOT}/Target Support Files/Pods-El_DUKKANA/Pods-El_DUKKANA-frameworks.sh\"\n";
			showEnvVarsInLog = 0;
		};
		F3E8239C3A39EDF623DE12C4 /* [CP] Check Pods Manifest.lock */ = {
			isa = PBXShellScriptBuildPhase;
			buildActionMask = 2147483647;
			files = (
			);
			inputFileListPaths = (
			);
			inputPaths = (
				"${PODS_PODFILE_DIR_PATH}/Podfile.lock",
				"${PODS_ROOT}/Manifest.lock",
			);
			name = "[CP] Check Pods Manifest.lock";
			outputFileListPaths = (
			);
			outputPaths = (
				"$(DERIVED_FILE_DIR)/Pods-El_DUKKANAUITests-checkManifestLockResult.txt",
			);
			runOnlyForDeploymentPostprocessing = 0;
			shellPath = /bin/sh;
			shellScript = "diff \"${PODS_PODFILE_DIR_PATH}/Podfile.lock\" \"${PODS_ROOT}/Manifest.lock\" > /dev/null\nif [ $? != 0 ] ; then\n    # print error to STDERR\n    echo \"error: The sandbox is not in sync with the Podfile.lock. Run 'pod install' or update your CocoaPods installation.\" >&2\n    exit 1\nfi\n# This output is used by Xcode 'outputs' to avoid re-running this script phase.\necho \"SUCCESS\" > \"${SCRIPT_OUTPUT_FILE_0}\"\n";
			showEnvVarsInLog = 0;
		};
		F54F07D6BD32FC6DBC62847E /* [CP] Check Pods Manifest.lock */ = {
			isa = PBXShellScriptBuildPhase;
			buildActionMask = 2147483647;
			files = (
			);
			inputFileListPaths = (
			);
			inputPaths = (
				"${PODS_PODFILE_DIR_PATH}/Podfile.lock",
				"${PODS_ROOT}/Manifest.lock",
			);
			name = "[CP] Check Pods Manifest.lock";
			outputFileListPaths = (
			);
			outputPaths = (
				"$(DERIVED_FILE_DIR)/Pods-El_DUKKANA-checkManifestLockResult.txt",
			);
			runOnlyForDeploymentPostprocessing = 0;
			shellPath = /bin/sh;
			shellScript = "diff \"${PODS_PODFILE_DIR_PATH}/Podfile.lock\" \"${PODS_ROOT}/Manifest.lock\" > /dev/null\nif [ $? != 0 ] ; then\n    # print error to STDERR\n    echo \"error: The sandbox is not in sync with the Podfile.lock. Run 'pod install' or update your CocoaPods installation.\" >&2\n    exit 1\nfi\n# This output is used by Xcode 'outputs' to avoid re-running this script phase.\necho \"SUCCESS\" > \"${SCRIPT_OUTPUT_FILE_0}\"\n";
			showEnvVarsInLog = 0;
		};
/* End PBXShellScriptBuildPhase section */

/* Begin PBXSourcesBuildPhase section */
		F8D3C1CD2C88E06900C9B255 /* Sources */ = {
			isa = PBXSourcesBuildPhase;
			buildActionMask = 2147483647;
			files = (
				F8E451712C934AE4003093B6 /* CheckoutViewModel.swift in Sources */,
				F8D3C1D52C88E06900C9B255 /* AppDelegate.swift in Sources */,
				26BBA7E02C94DD7100554DEA /* AddressesViewModel.swift in Sources */,
				813740722C8BAAED001ECAF4 /* ReviewCell.swift in Sources */,
				26DB3D252C8A171C00E4E697 /* HomeViewModel.swift in Sources */,
				26B335DD2C8A643700968401 /* CategoriesViewModel.swift in Sources */,
				264E3AE12C8CC384001FC585 /* BrandViewModel.swift in Sources */,
				26FBE3232C8CBE5000263DE3 /* ProductCell.swift in Sources */,
				268C65442C936E4400EF2F88 /* OrderTableViewCell.swift in Sources */,
				8168E3812C91046B000DBEDA /* SearchViewModel.swift in Sources */,
				26DB3D282C8A241300E4E697 /* HomeViewController.swift in Sources */,
				8135A46F2C9223A200D25B4C /* CustomerViewModel.swift in Sources */,
				8107C9832C8D573E00D1C938 /* ViewsSet.swift in Sources */,
				26DB3D1C2C8A07E600E4E697 /* Brands.swift in Sources */,
				26B335DF2C8A645B00968401 /* CategoriesViewController.swift in Sources */,
				264E3AE52C8D3815001FC585 /* BrandViewController.swift in Sources */,
				F8528DA62C90B2C10068858C /* PriceRules.swift in Sources */,
				81F3708C2C88F6FE007FBC45 /* URLManagerProtocol.swift in Sources */,
				81F3708A2C88F6F3007FBC45 /* URLManager.swift in Sources */,
				813740792C8BDEF9001ECAF4 /* Delegation.swift in Sources */,
				F8528DA42C90A5510068858C /* CartViewController.swift in Sources */,
				F8D3C1D72C88E06900C9B255 /* SceneDelegate.swift in Sources */,
				268C65412C93630100EF2F88 /* Order.swift in Sources */,
				F8528D9E2C90809C0068858C /* SettingsVM.swift in Sources */,
				F8E4516F2C934AC2003093B6 /* PaymentViewModel.swift in Sources */,
				26DB3D1E2C8A080B00E4E697 /* Product.swift in Sources */,
				81B0349C2C8D209100D4A4C5 /* DrowCollectioView.swift in Sources */,
				81D72A9C2C8912C50087371F /* SignInVC.swift in Sources */,
				81D72A9A2C8912B60087371F /* SignUpVC.swift in Sources */,
				26BBA7D92C94D90500554DEA /* FavoritesViewController.swift in Sources */,
				F8528DB22C913AD80068858C /* ProfileViewController.swift in Sources */,
				26E420562C94FA40006968D7 /* AddAddressViewController.swift in Sources */,
				813740742C8BAB03001ECAF4 /* ProductImagesCell.swift in Sources */,
				813740702C8BAA18001ECAF4 /* ReviewsViewController.swift in Sources */,
				F8F9BBDE2C891E21005AE496 /* NetworkProtocol.swift in Sources */,
				813740642C8B775D001ECAF4 /* ProductDetailsViewModel.swift in Sources */,
				F8EC6B7F2C8CE84A00A8D7AF /* Currency.swift in Sources */,
				8160D39C2C9392D10026CE11 /* CurrentCustomer.swift in Sources */,
				F8F9BBE02C891E5A005AE496 /* Customer.swift in Sources */,
				8169B2222C951E54002D138A /* FavBtnAnimation.swift in Sources */,
				F8E4516B2C92741E003093B6 /* CheckoutViewController.swift in Sources */,
				F8528DA22C9081970068858C /* SettingsViewController.swift in Sources */,
				F8528DB42C913AED0068858C /* ProfileViewModel.swift in Sources */,
				F8F9BBDC2C891DF3005AE496 /* Network.swift in Sources */,
				F8F9BBDE2C891E21005AE496 /* NetworkProtocol.swift in Sources */,
				81B0349F2C8D219F00D4A4C5 /* PageController.swift in Sources */,
				268C653D2C92265F00EF2F88 /* OnBoardingViewController.swift in Sources */,
				F804905F2C8B1AE500CE43ED /* CartItemTableViewCell.swift in Sources */,
				26BBA7D22C93757200554DEA /* OrdersViewModel.swift in Sources */,
				F8F9BBE02C891E5A005AE496 /* Customer.swift in Sources */,
				F8F9BBDC2C891DF3005AE496 /* Network.swift in Sources */,
				81D72A9C2C8912C50087371F /* SignInVC.swift in Sources */,
				26E4206C2C97926A006968D7 /* UIAlertExtension.swift in Sources */,
				26E420582C94FDED006968D7 /* AddressesTableViewCell.swift in Sources */,
				26BBA7D72C93C1C000554DEA /* AboutUsViewController.swift in Sources */,
				F8E451642C91D539003093B6 /* FavoritesViewModel.swift in Sources */,
				F8528DA82C910BF00068858C /* CartViewModel.swift in Sources */,
				8137406C2C8B9733001ECAF4 /* ReviewsViewModel.swift in Sources */,
				F80490562C8B0AEC00CE43ED /* AdsCollectionViewCell.swift in Sources */,
				81D72A9A2C8912B60087371F /* SignUpVC.swift in Sources */,
				8137406E2C8B9ADE001ECAF4 /* Reviews.swift in Sources */,
				813740762C8BDA20001ECAF4 /* AddReviewVC.swift in Sources */,
				F8D3C20A2C88E14A00C9B255 /* StartOptionsVC.swift in Sources */,
				F8528DAA2C9119660068858C /* DraftOrder.swift in Sources */,
				26BBA7E22C94DD8A00554DEA /* AddressesViewController.swift in Sources */,
				813740682C8B7781001ECAF4 /* ProductDetailsVC.swift in Sources */,
				26BBA7D52C937A8000554DEA /* OrdersViewController.swift in Sources */,
				81B0349A2C8D1DDB00D4A4C5 /* ImagesCell.swift in Sources */,
				81A7B3B02C96506B003B8BB6 /* AddressDelegateProtocol.swift in Sources */,
				8137407F2C8BEA17001ECAF4 /* El_DUKKANA.xcdatamodeld in Sources */,
				26616F412C8DD224008BCD9D /* BrandsCollectionViewCell.swift in Sources */,
				8137407C2C8BE820001ECAF4 /* CoreDataForReviews.swift in Sources */,
			);
			runOnlyForDeploymentPostprocessing = 0;
		};
		F8D3C1E32C88E06B00C9B255 /* Sources */ = {
			isa = PBXSourcesBuildPhase;
			buildActionMask = 2147483647;
			files = (
				26E420692C977034006968D7 /* NetworkManagerTests.swift in Sources */,
				26E4205F2C976AEC006968D7 /* MockNetwork.swift in Sources */,
				F8D3C1EC2C88E06B00C9B255 /* El_DUKKANATests.swift in Sources */,
				F80490642C8BB59300CE43ED /* URLMangerTest.swift in Sources */,
				26E420672C976FD6006968D7 /* MockNetworkManager.swift in Sources */,
			);
			runOnlyForDeploymentPostprocessing = 0;
		};
		F8D3C1ED2C88E06B00C9B255 /* Sources */ = {
			isa = PBXSourcesBuildPhase;
			buildActionMask = 2147483647;
			files = (
				F8D3C1F62C88E06C00C9B255 /* El_DUKKANAUITests.swift in Sources */,
				F8D3C1F82C88E06C00C9B255 /* El_DUKKANAUITestsLaunchTests.swift in Sources */,
			);
			runOnlyForDeploymentPostprocessing = 0;
		};
/* End PBXSourcesBuildPhase section */

/* Begin PBXTargetDependency section */
		F8D3C1E92C88E06B00C9B255 /* PBXTargetDependency */ = {
			isa = PBXTargetDependency;
			target = F8D3C1D02C88E06900C9B255 /* El_DUKKANA */;
			targetProxy = F8D3C1E82C88E06B00C9B255 /* PBXContainerItemProxy */;
		};
		F8D3C1F32C88E06B00C9B255 /* PBXTargetDependency */ = {
			isa = PBXTargetDependency;
			target = F8D3C1D02C88E06900C9B255 /* El_DUKKANA */;
			targetProxy = F8D3C1F22C88E06B00C9B255 /* PBXContainerItemProxy */;
		};
/* End PBXTargetDependency section */

/* Begin PBXVariantGroup section */
		F8D3C1DF2C88E06B00C9B255 /* LaunchScreen.storyboard */ = {
			isa = PBXVariantGroup;
			children = (
				F8D3C1E02C88E06B00C9B255 /* Base */,
			);
			name = LaunchScreen.storyboard;
			sourceTree = "<group>";
		};
/* End PBXVariantGroup section */

/* Begin XCBuildConfiguration section */
		F8D3C1F92C88E06C00C9B255 /* Debug */ = {
			isa = XCBuildConfiguration;
			buildSettings = {
				ALWAYS_SEARCH_USER_PATHS = NO;
				CLANG_ANALYZER_NONNULL = YES;
				CLANG_ANALYZER_NUMBER_OBJECT_CONVERSION = YES_AGGRESSIVE;
				CLANG_CXX_LANGUAGE_STANDARD = "gnu++20";
				CLANG_ENABLE_MODULES = YES;
				CLANG_ENABLE_OBJC_ARC = YES;
				CLANG_ENABLE_OBJC_WEAK = YES;
				CLANG_WARN_BLOCK_CAPTURE_AUTORELEASING = YES;
				CLANG_WARN_BOOL_CONVERSION = YES;
				CLANG_WARN_COMMA = YES;
				CLANG_WARN_CONSTANT_CONVERSION = YES;
				CLANG_WARN_DEPRECATED_OBJC_IMPLEMENTATIONS = YES;
				CLANG_WARN_DIRECT_OBJC_ISA_USAGE = YES_ERROR;
				CLANG_WARN_DOCUMENTATION_COMMENTS = YES;
				CLANG_WARN_EMPTY_BODY = YES;
				CLANG_WARN_ENUM_CONVERSION = YES;
				CLANG_WARN_INFINITE_RECURSION = YES;
				CLANG_WARN_INT_CONVERSION = YES;
				CLANG_WARN_NON_LITERAL_NULL_CONVERSION = YES;
				CLANG_WARN_OBJC_IMPLICIT_RETAIN_SELF = YES;
				CLANG_WARN_OBJC_LITERAL_CONVERSION = YES;
				CLANG_WARN_OBJC_ROOT_CLASS = YES_ERROR;
				CLANG_WARN_QUOTED_INCLUDE_IN_FRAMEWORK_HEADER = YES;
				CLANG_WARN_RANGE_LOOP_ANALYSIS = YES;
				CLANG_WARN_STRICT_PROTOTYPES = YES;
				CLANG_WARN_SUSPICIOUS_MOVE = YES;
				CLANG_WARN_UNGUARDED_AVAILABILITY = YES_AGGRESSIVE;
				CLANG_WARN_UNREACHABLE_CODE = YES;
				CLANG_WARN__DUPLICATE_METHOD_MATCH = YES;
				COPY_PHASE_STRIP = NO;
				DEBUG_INFORMATION_FORMAT = dwarf;
				ENABLE_STRICT_OBJC_MSGSEND = YES;
				ENABLE_TESTABILITY = YES;
				GCC_C_LANGUAGE_STANDARD = gnu11;
				GCC_DYNAMIC_NO_PIC = NO;
				GCC_NO_COMMON_BLOCKS = YES;
				GCC_OPTIMIZATION_LEVEL = 0;
				GCC_PREPROCESSOR_DEFINITIONS = (
					"DEBUG=1",
					"$(inherited)",
				);
				GCC_WARN_64_TO_32_BIT_CONVERSION = YES;
				GCC_WARN_ABOUT_RETURN_TYPE = YES_ERROR;
				GCC_WARN_UNDECLARED_SELECTOR = YES;
				GCC_WARN_UNINITIALIZED_AUTOS = YES_AGGRESSIVE;
				GCC_WARN_UNUSED_FUNCTION = YES;
				GCC_WARN_UNUSED_VARIABLE = YES;
				IPHONEOS_DEPLOYMENT_TARGET = 16.4;
				MTL_ENABLE_DEBUG_INFO = INCLUDE_SOURCE;
				MTL_FAST_MATH = YES;
				ONLY_ACTIVE_ARCH = YES;
				SDKROOT = iphoneos;
				SWIFT_ACTIVE_COMPILATION_CONDITIONS = DEBUG;
				SWIFT_OPTIMIZATION_LEVEL = "-Onone";
			};
			name = Debug;
		};
		F8D3C1FA2C88E06C00C9B255 /* Release */ = {
			isa = XCBuildConfiguration;
			buildSettings = {
				ALWAYS_SEARCH_USER_PATHS = NO;
				CLANG_ANALYZER_NONNULL = YES;
				CLANG_ANALYZER_NUMBER_OBJECT_CONVERSION = YES_AGGRESSIVE;
				CLANG_CXX_LANGUAGE_STANDARD = "gnu++20";
				CLANG_ENABLE_MODULES = YES;
				CLANG_ENABLE_OBJC_ARC = YES;
				CLANG_ENABLE_OBJC_WEAK = YES;
				CLANG_WARN_BLOCK_CAPTURE_AUTORELEASING = YES;
				CLANG_WARN_BOOL_CONVERSION = YES;
				CLANG_WARN_COMMA = YES;
				CLANG_WARN_CONSTANT_CONVERSION = YES;
				CLANG_WARN_DEPRECATED_OBJC_IMPLEMENTATIONS = YES;
				CLANG_WARN_DIRECT_OBJC_ISA_USAGE = YES_ERROR;
				CLANG_WARN_DOCUMENTATION_COMMENTS = YES;
				CLANG_WARN_EMPTY_BODY = YES;
				CLANG_WARN_ENUM_CONVERSION = YES;
				CLANG_WARN_INFINITE_RECURSION = YES;
				CLANG_WARN_INT_CONVERSION = YES;
				CLANG_WARN_NON_LITERAL_NULL_CONVERSION = YES;
				CLANG_WARN_OBJC_IMPLICIT_RETAIN_SELF = YES;
				CLANG_WARN_OBJC_LITERAL_CONVERSION = YES;
				CLANG_WARN_OBJC_ROOT_CLASS = YES_ERROR;
				CLANG_WARN_QUOTED_INCLUDE_IN_FRAMEWORK_HEADER = YES;
				CLANG_WARN_RANGE_LOOP_ANALYSIS = YES;
				CLANG_WARN_STRICT_PROTOTYPES = YES;
				CLANG_WARN_SUSPICIOUS_MOVE = YES;
				CLANG_WARN_UNGUARDED_AVAILABILITY = YES_AGGRESSIVE;
				CLANG_WARN_UNREACHABLE_CODE = YES;
				CLANG_WARN__DUPLICATE_METHOD_MATCH = YES;
				COPY_PHASE_STRIP = NO;
				DEBUG_INFORMATION_FORMAT = "dwarf-with-dsym";
				ENABLE_NS_ASSERTIONS = NO;
				ENABLE_STRICT_OBJC_MSGSEND = YES;
				GCC_C_LANGUAGE_STANDARD = gnu11;
				GCC_NO_COMMON_BLOCKS = YES;
				GCC_WARN_64_TO_32_BIT_CONVERSION = YES;
				GCC_WARN_ABOUT_RETURN_TYPE = YES_ERROR;
				GCC_WARN_UNDECLARED_SELECTOR = YES;
				GCC_WARN_UNINITIALIZED_AUTOS = YES_AGGRESSIVE;
				GCC_WARN_UNUSED_FUNCTION = YES;
				GCC_WARN_UNUSED_VARIABLE = YES;
				IPHONEOS_DEPLOYMENT_TARGET = 16.4;
				MTL_ENABLE_DEBUG_INFO = NO;
				MTL_FAST_MATH = YES;
				SDKROOT = iphoneos;
				SWIFT_COMPILATION_MODE = wholemodule;
				SWIFT_OPTIMIZATION_LEVEL = "-O";
				VALIDATE_PRODUCT = YES;
			};
			name = Release;
		};
		F8D3C1FC2C88E06C00C9B255 /* Debug */ = {
			isa = XCBuildConfiguration;
			baseConfigurationReference = 1CE434CB525C6BFD9C71344E /* Pods-El_DUKKANA.debug.xcconfig */;
			buildSettings = {
				ASSETCATALOG_COMPILER_APPICON_NAME = AppIcon;
				ASSETCATALOG_COMPILER_GLOBAL_ACCENT_COLOR_NAME = AccentColor;
				CODE_SIGN_ENTITLEMENTS = El_DUKKANA/El_DUKKANA.entitlements;
				CODE_SIGN_STYLE = Automatic;
				CURRENT_PROJECT_VERSION = 1;
				GENERATE_INFOPLIST_FILE = YES;
				INFOPLIST_FILE = El_DUKKANA/Info.plist;
				INFOPLIST_KEY_UIApplicationSupportsIndirectInputEvents = YES;
				INFOPLIST_KEY_UILaunchStoryboardName = LaunchScreen;
				INFOPLIST_KEY_UIMainStoryboardFile = Main;
				INFOPLIST_KEY_UISupportedInterfaceOrientations_iPad = "UIInterfaceOrientationPortrait UIInterfaceOrientationPortraitUpsideDown UIInterfaceOrientationLandscapeLeft UIInterfaceOrientationLandscapeRight";
				INFOPLIST_KEY_UISupportedInterfaceOrientations_iPhone = "UIInterfaceOrientationPortrait UIInterfaceOrientationLandscapeLeft UIInterfaceOrientationLandscapeRight";
				LD_RUNPATH_SEARCH_PATHS = (
					"$(inherited)",
					"@executable_path/Frameworks",
				);
				MARKETING_VERSION = 1.0;
				PRODUCT_BUNDLE_IDENTIFIER = "iti-ocprogrammingcourse.El-DUKKANA";
				PRODUCT_NAME = "$(TARGET_NAME)";
				SWIFT_EMIT_LOC_STRINGS = YES;
				SWIFT_VERSION = 5.0;
				TARGETED_DEVICE_FAMILY = "1,2";
			};
			name = Debug;
		};
		F8D3C1FD2C88E06C00C9B255 /* Release */ = {
			isa = XCBuildConfiguration;
			baseConfigurationReference = 5CB35D5B135D8F358590AF9F /* Pods-El_DUKKANA.release.xcconfig */;
			buildSettings = {
				ASSETCATALOG_COMPILER_APPICON_NAME = AppIcon;
				ASSETCATALOG_COMPILER_GLOBAL_ACCENT_COLOR_NAME = AccentColor;
				CODE_SIGN_ENTITLEMENTS = El_DUKKANA/El_DUKKANA.entitlements;
				CODE_SIGN_STYLE = Automatic;
				CURRENT_PROJECT_VERSION = 1;
				GENERATE_INFOPLIST_FILE = YES;
				INFOPLIST_FILE = El_DUKKANA/Info.plist;
				INFOPLIST_KEY_UIApplicationSupportsIndirectInputEvents = YES;
				INFOPLIST_KEY_UILaunchStoryboardName = LaunchScreen;
				INFOPLIST_KEY_UIMainStoryboardFile = Main;
				INFOPLIST_KEY_UISupportedInterfaceOrientations_iPad = "UIInterfaceOrientationPortrait UIInterfaceOrientationPortraitUpsideDown UIInterfaceOrientationLandscapeLeft UIInterfaceOrientationLandscapeRight";
				INFOPLIST_KEY_UISupportedInterfaceOrientations_iPhone = "UIInterfaceOrientationPortrait UIInterfaceOrientationLandscapeLeft UIInterfaceOrientationLandscapeRight";
				LD_RUNPATH_SEARCH_PATHS = (
					"$(inherited)",
					"@executable_path/Frameworks",
				);
				MARKETING_VERSION = 1.0;
				PRODUCT_BUNDLE_IDENTIFIER = "iti-ocprogrammingcourse.El-DUKKANA";
				PRODUCT_NAME = "$(TARGET_NAME)";
				SWIFT_EMIT_LOC_STRINGS = YES;
				SWIFT_VERSION = 5.0;
				TARGETED_DEVICE_FAMILY = "1,2";
			};
			name = Release;
		};
		F8D3C1FF2C88E06C00C9B255 /* Debug */ = {
			isa = XCBuildConfiguration;
			baseConfigurationReference = CC98990FE4D9CDD625A429A0 /* Pods-El_DUKKANATests.debug.xcconfig */;
			buildSettings = {
				ALWAYS_EMBED_SWIFT_STANDARD_LIBRARIES = YES;
				BUNDLE_LOADER = "$(TEST_HOST)";
				CODE_SIGN_STYLE = Automatic;
				CURRENT_PROJECT_VERSION = 1;
				GENERATE_INFOPLIST_FILE = YES;
				IPHONEOS_DEPLOYMENT_TARGET = 16.4;
				MARKETING_VERSION = 1.0;
				PRODUCT_BUNDLE_IDENTIFIER = "iti-ocprogrammingcourse.El-DUKKANATests";
				PRODUCT_NAME = "$(TARGET_NAME)";
				SWIFT_EMIT_LOC_STRINGS = NO;
				SWIFT_VERSION = 5.0;
				TARGETED_DEVICE_FAMILY = "1,2";
				TEST_HOST = "$(BUILT_PRODUCTS_DIR)/El_DUKKANA.app/$(BUNDLE_EXECUTABLE_FOLDER_PATH)/El_DUKKANA";
			};
			name = Debug;
		};
		F8D3C2002C88E06C00C9B255 /* Release */ = {
			isa = XCBuildConfiguration;
			baseConfigurationReference = C3BDCD9420B95267E514D0A0 /* Pods-El_DUKKANATests.release.xcconfig */;
			buildSettings = {
				ALWAYS_EMBED_SWIFT_STANDARD_LIBRARIES = YES;
				BUNDLE_LOADER = "$(TEST_HOST)";
				CODE_SIGN_STYLE = Automatic;
				CURRENT_PROJECT_VERSION = 1;
				GENERATE_INFOPLIST_FILE = YES;
				IPHONEOS_DEPLOYMENT_TARGET = 16.4;
				MARKETING_VERSION = 1.0;
				PRODUCT_BUNDLE_IDENTIFIER = "iti-ocprogrammingcourse.El-DUKKANATests";
				PRODUCT_NAME = "$(TARGET_NAME)";
				SWIFT_EMIT_LOC_STRINGS = NO;
				SWIFT_VERSION = 5.0;
				TARGETED_DEVICE_FAMILY = "1,2";
				TEST_HOST = "$(BUILT_PRODUCTS_DIR)/El_DUKKANA.app/$(BUNDLE_EXECUTABLE_FOLDER_PATH)/El_DUKKANA";
			};
			name = Release;
		};
		F8D3C2022C88E06C00C9B255 /* Debug */ = {
			isa = XCBuildConfiguration;
			baseConfigurationReference = 8B0AC9A2DAD8B724DBE93EB9 /* Pods-El_DUKKANAUITests.debug.xcconfig */;
			buildSettings = {
				ALWAYS_EMBED_SWIFT_STANDARD_LIBRARIES = YES;
				CODE_SIGN_STYLE = Automatic;
				CURRENT_PROJECT_VERSION = 1;
				GENERATE_INFOPLIST_FILE = YES;
				MARKETING_VERSION = 1.0;
				PRODUCT_BUNDLE_IDENTIFIER = "iti-ocprogrammingcourse.El-DUKKANAUITests";
				PRODUCT_NAME = "$(TARGET_NAME)";
				SWIFT_EMIT_LOC_STRINGS = NO;
				SWIFT_VERSION = 5.0;
				TARGETED_DEVICE_FAMILY = "1,2";
				TEST_TARGET_NAME = El_DUKKANA;
			};
			name = Debug;
		};
		F8D3C2032C88E06C00C9B255 /* Release */ = {
			isa = XCBuildConfiguration;
			baseConfigurationReference = 0F698E9BF5FE8BF6209C59DE /* Pods-El_DUKKANAUITests.release.xcconfig */;
			buildSettings = {
				ALWAYS_EMBED_SWIFT_STANDARD_LIBRARIES = YES;
				CODE_SIGN_STYLE = Automatic;
				CURRENT_PROJECT_VERSION = 1;
				GENERATE_INFOPLIST_FILE = YES;
				MARKETING_VERSION = 1.0;
				PRODUCT_BUNDLE_IDENTIFIER = "iti-ocprogrammingcourse.El-DUKKANAUITests";
				PRODUCT_NAME = "$(TARGET_NAME)";
				SWIFT_EMIT_LOC_STRINGS = NO;
				SWIFT_VERSION = 5.0;
				TARGETED_DEVICE_FAMILY = "1,2";
				TEST_TARGET_NAME = El_DUKKANA;
			};
			name = Release;
		};
/* End XCBuildConfiguration section */

/* Begin XCConfigurationList section */
		F8D3C1CC2C88E06900C9B255 /* Build configuration list for PBXProject "El_DUKKANA" */ = {
			isa = XCConfigurationList;
			buildConfigurations = (
				F8D3C1F92C88E06C00C9B255 /* Debug */,
				F8D3C1FA2C88E06C00C9B255 /* Release */,
			);
			defaultConfigurationIsVisible = 0;
			defaultConfigurationName = Release;
		};
		F8D3C1FB2C88E06C00C9B255 /* Build configuration list for PBXNativeTarget "El_DUKKANA" */ = {
			isa = XCConfigurationList;
			buildConfigurations = (
				F8D3C1FC2C88E06C00C9B255 /* Debug */,
				F8D3C1FD2C88E06C00C9B255 /* Release */,
			);
			defaultConfigurationIsVisible = 0;
			defaultConfigurationName = Release;
		};
		F8D3C1FE2C88E06C00C9B255 /* Build configuration list for PBXNativeTarget "El_DUKKANATests" */ = {
			isa = XCConfigurationList;
			buildConfigurations = (
				F8D3C1FF2C88E06C00C9B255 /* Debug */,
				F8D3C2002C88E06C00C9B255 /* Release */,
			);
			defaultConfigurationIsVisible = 0;
			defaultConfigurationName = Release;
		};
		F8D3C2012C88E06C00C9B255 /* Build configuration list for PBXNativeTarget "El_DUKKANAUITests" */ = {
			isa = XCConfigurationList;
			buildConfigurations = (
				F8D3C2022C88E06C00C9B255 /* Debug */,
				F8D3C2032C88E06C00C9B255 /* Release */,
			);
			defaultConfigurationIsVisible = 0;
			defaultConfigurationName = Release;
		};
/* End XCConfigurationList section */

/* Begin XCRemoteSwiftPackageReference section */
		F8D3C2102C88E26900C9B255 /* XCRemoteSwiftPackageReference "firebase-ios-sdk" */ = {
			isa = XCRemoteSwiftPackageReference;
			repositoryURL = "https://github.com/firebase/firebase-ios-sdk.git";
			requirement = {
				kind = upToNextMajorVersion;
				minimumVersion = 10.5.0;
			};
		};
/* End XCRemoteSwiftPackageReference section */

/* Begin XCSwiftPackageProductDependency section */
		F8D3C2112C88E26900C9B255 /* FirebaseAnalytics */ = {
			isa = XCSwiftPackageProductDependency;
			package = F8D3C2102C88E26900C9B255 /* XCRemoteSwiftPackageReference "firebase-ios-sdk" */;
			productName = FirebaseAnalytics;
		};
		F8D3C2132C88E26900C9B255 /* FirebaseAuth */ = {
			isa = XCSwiftPackageProductDependency;
			package = F8D3C2102C88E26900C9B255 /* XCRemoteSwiftPackageReference "firebase-ios-sdk" */;
			productName = FirebaseAuth;
		};
/* End XCSwiftPackageProductDependency section */

/* Begin XCVersionGroup section */
		8137407D2C8BEA17001ECAF4 /* El_DUKKANA.xcdatamodeld */ = {
			isa = XCVersionGroup;
			children = (
				8137407E2C8BEA17001ECAF4 /* El_DUKKANA.xcdatamodel */,
			);
			currentVersion = 8137407E2C8BEA17001ECAF4 /* El_DUKKANA.xcdatamodel */;
			path = El_DUKKANA.xcdatamodeld;
			sourceTree = "<group>";
			versionGroupType = wrapper.xcdatamodel;
		};
/* End XCVersionGroup section */
	};
	rootObject = F8D3C1C92C88E06900C9B255 /* Project object */;
}
